// !$*UTF8*$!
{
	archiveVersion = 1;
	classes = {
	};
	objectVersion = 56;
	objects = {

/* Begin PBXBuildFile section */
		5A00CD090D8138BCA82AC0F4 /* Pods_agoraquiz_agoraquizUITests.framework in Frameworks */ = {isa = PBXBuildFile; fileRef = 427F9D124C4AC213001805ED /* Pods_agoraquiz_agoraquizUITests.framework */; };
		5EA4B7C2AEC4EB63354CAFE8 /* Pods_agoraquiz.framework in Frameworks */ = {isa = PBXBuildFile; fileRef = 2ECB11B733F0ADEE1EBBFC31 /* Pods_agoraquiz.framework */; };
		970704822BF60E1100073C4C /* PauseView.swift in Sources */ = {isa = PBXBuildFile; fileRef = 970704812BF60E1100073C4C /* PauseView.swift */; };
		970704842BF647FA00073C4C /* GameCompletedView.swift in Sources */ = {isa = PBXBuildFile; fileRef = 970704832BF647FA00073C4C /* GameCompletedView.swift */; };
		970704862BF657E300073C4C /* Toast.swift in Sources */ = {isa = PBXBuildFile; fileRef = 970704852BF657E300073C4C /* Toast.swift */; };
		970704882BF6605900073C4C /* MainViewModel.swift in Sources */ = {isa = PBXBuildFile; fileRef = 970704872BF6605900073C4C /* MainViewModel.swift */; };
		97124C8F2BEB774E00E65467 /* SignUpView.swift in Sources */ = {isa = PBXBuildFile; fileRef = 97124C8E2BEB774E00E65467 /* SignUpView.swift */; };
		97124C912BEB776A00E65467 /* SignUpViewModel.swift in Sources */ = {isa = PBXBuildFile; fileRef = 97124C902BEB776A00E65467 /* SignUpViewModel.swift */; };
		97124C962BEB7D8100E65467 /* CustomTextInput.swift in Sources */ = {isa = PBXBuildFile; fileRef = 97124C952BEB7D8100E65467 /* CustomTextInput.swift */; };
		97124C982BEB7EC000E65467 /* FilledButton.swift in Sources */ = {isa = PBXBuildFile; fileRef = 97124C972BEB7EC000E65467 /* FilledButton.swift */; };
		97124C9D2BEB8C9400E65467 /* URLs.swift in Sources */ = {isa = PBXBuildFile; fileRef = 97124C9C2BEB8C9400E65467 /* URLs.swift */; };
		9716CFAC2BF8828800909484 /* ProfileView.swift in Sources */ = {isa = PBXBuildFile; fileRef = 9716CFAB2BF8828800909484 /* ProfileView.swift */; };
		9716CFAE2BF88C2900909484 /* ProfileViewModel.swift in Sources */ = {isa = PBXBuildFile; fileRef = 9716CFAD2BF88C2900909484 /* ProfileViewModel.swift */; };
		9716CFB02BF88E3100909484 /* UserProfile.swift in Sources */ = {isa = PBXBuildFile; fileRef = 9716CFAF2BF88E3100909484 /* UserProfile.swift */; };
		972983F52BF7AAD0009086AE /* NavigationManager.swift in Sources */ = {isa = PBXBuildFile; fileRef = 972983F42BF7AAD0009086AE /* NavigationManager.swift */; };
		972983F72BF7ABFA009086AE /* GameMode.swift in Sources */ = {isa = PBXBuildFile; fileRef = 972983F62BF7ABFA009086AE /* GameMode.swift */; };
		972983F92BF7AFB9009086AE /* SessionManager.swift in Sources */ = {isa = PBXBuildFile; fileRef = 972983F82BF7AFB9009086AE /* SessionManager.swift */; };
		972C4E412BF9FDFA00777AB2 /* ImagePicker.swift in Sources */ = {isa = PBXBuildFile; fileRef = 972C4E402BF9FDFA00777AB2 /* ImagePicker.swift */; };
		973945C42BFE4981008F1DB8 /* RankingView.swift in Sources */ = {isa = PBXBuildFile; fileRef = 973945C32BFE4981008F1DB8 /* RankingView.swift */; };
		973945C62BFE4DE4008F1DB8 /* RankingPodiumView.swift in Sources */ = {isa = PBXBuildFile; fileRef = 973945C52BFE4DE4008F1DB8 /* RankingPodiumView.swift */; };
		973945C82BFE4DFF008F1DB8 /* RankingListView.swift in Sources */ = {isa = PBXBuildFile; fileRef = 973945C72BFE4DFF008F1DB8 /* RankingListView.swift */; };
		973945CA2BFE4E12008F1DB8 /* RankingItem.swift in Sources */ = {isa = PBXBuildFile; fileRef = 973945C92BFE4E12008F1DB8 /* RankingItem.swift */; };
		973945CC2BFE4E2E008F1DB8 /* RankingViewModel.swift in Sources */ = {isa = PBXBuildFile; fileRef = 973945CB2BFE4E2E008F1DB8 /* RankingViewModel.swift */; };
		973945CE2BFE4E6D008F1DB8 /* RankingResponse.swift in Sources */ = {isa = PBXBuildFile; fileRef = 973945CD2BFE4E6D008F1DB8 /* RankingResponse.swift */; };
		974CE1B92BF4A512001967B8 /* ClassicGameView.swift in Sources */ = {isa = PBXBuildFile; fileRef = 974CE1B82BF4A512001967B8 /* ClassicGameView.swift */; };
		974CE1BB2BF51B50001967B8 /* GameService.swift in Sources */ = {isa = PBXBuildFile; fileRef = 974CE1BA2BF51B50001967B8 /* GameService.swift */; };
		974CE1BD2BF51B9A001967B8 /* ClassicGameViewModel.swift in Sources */ = {isa = PBXBuildFile; fileRef = 974CE1BC2BF51B9A001967B8 /* ClassicGameViewModel.swift */; };
		974CE1C02BF529C4001967B8 /* Game.swift in Sources */ = {isa = PBXBuildFile; fileRef = 974CE1BF2BF529C4001967B8 /* Game.swift */; };
		974CE1C22BF529DB001967B8 /* Question.swift in Sources */ = {isa = PBXBuildFile; fileRef = 974CE1C12BF529DB001967B8 /* Question.swift */; };
		974CE1C42BF529EF001967B8 /* GameResponse.swift in Sources */ = {isa = PBXBuildFile; fileRef = 974CE1C32BF529EF001967B8 /* GameResponse.swift */; };
		974CE1C62BF52A07001967B8 /* AnswerResponse.swift in Sources */ = {isa = PBXBuildFile; fileRef = 974CE1C52BF52A07001967B8 /* AnswerResponse.swift */; };
		9757A73A2C05C6D7005AAB4C /* UserProfileUpdateResponse.swift in Sources */ = {isa = PBXBuildFile; fileRef = 9757A7392C05C6D7005AAB4C /* UserProfileUpdateResponse.swift */; };
		9757A73D2C05DFB3005AAB4C /* AgoraProjectView.swift in Sources */ = {isa = PBXBuildFile; fileRef = 9757A73C2C05DFB3005AAB4C /* AgoraProjectView.swift */; };
		9757A73F2C05DFD0005AAB4C /* AboutUsView.swift in Sources */ = {isa = PBXBuildFile; fileRef = 9757A73E2C05DFD0005AAB4C /* AboutUsView.swift */; };
		9757A7412C05EA25005AAB4C /* FAQItem.swift in Sources */ = {isa = PBXBuildFile; fileRef = 9757A7402C05EA25005AAB4C /* FAQItem.swift */; };
		9757A7432C05EA4C005AAB4C /* FAQView.swift in Sources */ = {isa = PBXBuildFile; fileRef = 9757A7422C05EA4C005AAB4C /* FAQView.swift */; };
		9757A7452C062655005AAB4C /* ResetPasswordView.swift in Sources */ = {isa = PBXBuildFile; fileRef = 9757A7442C062655005AAB4C /* ResetPasswordView.swift */; };
		9757A7472C062FE5005AAB4C /* ResetPasswordViewModel.swift in Sources */ = {isa = PBXBuildFile; fileRef = 9757A7462C062FE5005AAB4C /* ResetPasswordViewModel.swift */; };
		9757A7492C063A6E005AAB4C /* PrivacyPolicyView.swift in Sources */ = {isa = PBXBuildFile; fileRef = 9757A7482C063A6E005AAB4C /* PrivacyPolicyView.swift */; };
		9757A74B2C063DCE005AAB4C /* HTMLTextView.swift in Sources */ = {isa = PBXBuildFile; fileRef = 9757A74A2C063DCE005AAB4C /* HTMLTextView.swift */; };
		9757A74D2C064B82005AAB4C /* SignUpResponse.swift in Sources */ = {isa = PBXBuildFile; fileRef = 9757A74C2C064B82005AAB4C /* SignUpResponse.swift */; };
		979275352BF28043009ACAF9 /* MainView.swift in Sources */ = {isa = PBXBuildFile; fileRef = 979275342BF28043009ACAF9 /* MainView.swift */; };
		979275372BF28A59009ACAF9 /* AppTabView.swift in Sources */ = {isa = PBXBuildFile; fileRef = 979275362BF28A59009ACAF9 /* AppTabView.swift */; };
		979BF77A2C0490D80019DEF2 /* SettingsView.swift in Sources */ = {isa = PBXBuildFile; fileRef = 979BF7792C0490D80019DEF2 /* SettingsView.swift */; };
		97A580632BFA102200F1F836 /* ImageLoader.swift in Sources */ = {isa = PBXBuildFile; fileRef = 97A580622BFA102200F1F836 /* ImageLoader.swift */; };
		97A580652BFA104700F1F836 /* URLImage.swift in Sources */ = {isa = PBXBuildFile; fileRef = 97A580642BFA104700F1F836 /* URLImage.swift */; };
		97DDE69F2BFCDEB5009BE308 /* TimeTrialGameView.swift in Sources */ = {isa = PBXBuildFile; fileRef = 97DDE69E2BFCDEB5009BE308 /* TimeTrialGameView.swift */; };
		97DDE6A12BFCE532009BE308 /* TimeTrialGameViewModel.swift in Sources */ = {isa = PBXBuildFile; fileRef = 97DDE6A02BFCE532009BE308 /* TimeTrialGameViewModel.swift */; };
		97E9AE362BEA340C0057A835 /* agoraquizApp.swift in Sources */ = {isa = PBXBuildFile; fileRef = 97E9AE352BEA340C0057A835 /* agoraquizApp.swift */; };
		97E9AE382BEA340C0057A835 /* ContentView.swift in Sources */ = {isa = PBXBuildFile; fileRef = 97E9AE372BEA340C0057A835 /* ContentView.swift */; };
		97E9AE3A2BEA340E0057A835 /* Assets.xcassets in Resources */ = {isa = PBXBuildFile; fileRef = 97E9AE392BEA340E0057A835 /* Assets.xcassets */; };
		97E9AE3D2BEA340E0057A835 /* Preview Assets.xcassets in Resources */ = {isa = PBXBuildFile; fileRef = 97E9AE3C2BEA340E0057A835 /* Preview Assets.xcassets */; };
		97E9AE472BEA340E0057A835 /* agoraquizTests.swift in Sources */ = {isa = PBXBuildFile; fileRef = 97E9AE462BEA340E0057A835 /* agoraquizTests.swift */; };
		97E9AE512BEA340E0057A835 /* agoraquizUITests.swift in Sources */ = {isa = PBXBuildFile; fileRef = 97E9AE502BEA340E0057A835 /* agoraquizUITests.swift */; };
		97E9AE532BEA340E0057A835 /* agoraquizUITestsLaunchTests.swift in Sources */ = {isa = PBXBuildFile; fileRef = 97E9AE522BEA340E0057A835 /* agoraquizUITestsLaunchTests.swift */; };
		97E9AE612BEA3BAD0057A835 /* LoginView.swift in Sources */ = {isa = PBXBuildFile; fileRef = 97E9AE602BEA3BAD0057A835 /* LoginView.swift */; };
		97E9AE642BEA3BCF0057A835 /* LoginViewModel.swift in Sources */ = {isa = PBXBuildFile; fileRef = 97E9AE632BEA3BCF0057A835 /* LoginViewModel.swift */; };
		B91BF0A06F2BC7AD5B5A6C3F /* Pods_agoraquizTests.framework in Frameworks */ = {isa = PBXBuildFile; fileRef = 76C1504609BB4612AEAC0EB9 /* Pods_agoraquizTests.framework */; };
/* End PBXBuildFile section */

/* Begin PBXContainerItemProxy section */
		97E9AE432BEA340E0057A835 /* PBXContainerItemProxy */ = {
			isa = PBXContainerItemProxy;
			containerPortal = 97E9AE2A2BEA340C0057A835 /* Project object */;
			proxyType = 1;
			remoteGlobalIDString = 97E9AE312BEA340C0057A835;
			remoteInfo = agoraquiz;
		};
		97E9AE4D2BEA340E0057A835 /* PBXContainerItemProxy */ = {
			isa = PBXContainerItemProxy;
			containerPortal = 97E9AE2A2BEA340C0057A835 /* Project object */;
			proxyType = 1;
			remoteGlobalIDString = 97E9AE312BEA340C0057A835;
			remoteInfo = agoraquiz;
		};
/* End PBXContainerItemProxy section */

/* Begin PBXFileReference section */
		0E6F05578D4D061430EDD665 /* Pods-agoraquizTests.release.xcconfig */ = {isa = PBXFileReference; includeInIndex = 1; lastKnownFileType = text.xcconfig; name = "Pods-agoraquizTests.release.xcconfig"; path = "Target Support Files/Pods-agoraquizTests/Pods-agoraquizTests.release.xcconfig"; sourceTree = "<group>"; };
		2ECB11B733F0ADEE1EBBFC31 /* Pods_agoraquiz.framework */ = {isa = PBXFileReference; explicitFileType = wrapper.framework; includeInIndex = 0; path = Pods_agoraquiz.framework; sourceTree = BUILT_PRODUCTS_DIR; };
		427F9D124C4AC213001805ED /* Pods_agoraquiz_agoraquizUITests.framework */ = {isa = PBXFileReference; explicitFileType = wrapper.framework; includeInIndex = 0; path = Pods_agoraquiz_agoraquizUITests.framework; sourceTree = BUILT_PRODUCTS_DIR; };
		4D0583FAA3A8D335604F2611 /* Pods-agoraquizTests.debug.xcconfig */ = {isa = PBXFileReference; includeInIndex = 1; lastKnownFileType = text.xcconfig; name = "Pods-agoraquizTests.debug.xcconfig"; path = "Target Support Files/Pods-agoraquizTests/Pods-agoraquizTests.debug.xcconfig"; sourceTree = "<group>"; };
		76C1504609BB4612AEAC0EB9 /* Pods_agoraquizTests.framework */ = {isa = PBXFileReference; explicitFileType = wrapper.framework; includeInIndex = 0; path = Pods_agoraquizTests.framework; sourceTree = BUILT_PRODUCTS_DIR; };
		7F57817C2055449527231A0F /* Pods-agoraquiz-agoraquizUITests.release.xcconfig */ = {isa = PBXFileReference; includeInIndex = 1; lastKnownFileType = text.xcconfig; name = "Pods-agoraquiz-agoraquizUITests.release.xcconfig"; path = "Target Support Files/Pods-agoraquiz-agoraquizUITests/Pods-agoraquiz-agoraquizUITests.release.xcconfig"; sourceTree = "<group>"; };
		970704812BF60E1100073C4C /* PauseView.swift */ = {isa = PBXFileReference; lastKnownFileType = sourcecode.swift; path = PauseView.swift; sourceTree = "<group>"; };
		970704832BF647FA00073C4C /* GameCompletedView.swift */ = {isa = PBXFileReference; lastKnownFileType = sourcecode.swift; path = GameCompletedView.swift; sourceTree = "<group>"; };
		970704852BF657E300073C4C /* Toast.swift */ = {isa = PBXFileReference; lastKnownFileType = sourcecode.swift; path = Toast.swift; sourceTree = "<group>"; };
		970704872BF6605900073C4C /* MainViewModel.swift */ = {isa = PBXFileReference; lastKnownFileType = sourcecode.swift; path = MainViewModel.swift; sourceTree = "<group>"; };
		970704892BF6797500073C4C /* Info.plist */ = {isa = PBXFileReference; lastKnownFileType = text.plist; path = Info.plist; sourceTree = "<group>"; };
		97124C8E2BEB774E00E65467 /* SignUpView.swift */ = {isa = PBXFileReference; lastKnownFileType = sourcecode.swift; path = SignUpView.swift; sourceTree = "<group>"; };
		97124C902BEB776A00E65467 /* SignUpViewModel.swift */ = {isa = PBXFileReference; lastKnownFileType = sourcecode.swift; path = SignUpViewModel.swift; sourceTree = "<group>"; };
		97124C952BEB7D8100E65467 /* CustomTextInput.swift */ = {isa = PBXFileReference; lastKnownFileType = sourcecode.swift; path = CustomTextInput.swift; sourceTree = "<group>"; };
		97124C972BEB7EC000E65467 /* FilledButton.swift */ = {isa = PBXFileReference; lastKnownFileType = sourcecode.swift; path = FilledButton.swift; sourceTree = "<group>"; };
		97124C9C2BEB8C9400E65467 /* URLs.swift */ = {isa = PBXFileReference; lastKnownFileType = sourcecode.swift; path = URLs.swift; sourceTree = "<group>"; };
		9716CFAB2BF8828800909484 /* ProfileView.swift */ = {isa = PBXFileReference; lastKnownFileType = sourcecode.swift; path = ProfileView.swift; sourceTree = "<group>"; };
		9716CFAD2BF88C2900909484 /* ProfileViewModel.swift */ = {isa = PBXFileReference; lastKnownFileType = sourcecode.swift; path = ProfileViewModel.swift; sourceTree = "<group>"; };
		9716CFAF2BF88E3100909484 /* UserProfile.swift */ = {isa = PBXFileReference; lastKnownFileType = sourcecode.swift; path = UserProfile.swift; sourceTree = "<group>"; };
		972983F42BF7AAD0009086AE /* NavigationManager.swift */ = {isa = PBXFileReference; lastKnownFileType = sourcecode.swift; path = NavigationManager.swift; sourceTree = "<group>"; };
		972983F62BF7ABFA009086AE /* GameMode.swift */ = {isa = PBXFileReference; lastKnownFileType = sourcecode.swift; path = GameMode.swift; sourceTree = "<group>"; };
		972983F82BF7AFB9009086AE /* SessionManager.swift */ = {isa = PBXFileReference; lastKnownFileType = sourcecode.swift; path = SessionManager.swift; sourceTree = "<group>"; };
		972C4E402BF9FDFA00777AB2 /* ImagePicker.swift */ = {isa = PBXFileReference; lastKnownFileType = sourcecode.swift; path = ImagePicker.swift; sourceTree = "<group>"; };
		973945C32BFE4981008F1DB8 /* RankingView.swift */ = {isa = PBXFileReference; lastKnownFileType = sourcecode.swift; path = RankingView.swift; sourceTree = "<group>"; };
		973945C52BFE4DE4008F1DB8 /* RankingPodiumView.swift */ = {isa = PBXFileReference; lastKnownFileType = sourcecode.swift; path = RankingPodiumView.swift; sourceTree = "<group>"; };
		973945C72BFE4DFF008F1DB8 /* RankingListView.swift */ = {isa = PBXFileReference; lastKnownFileType = sourcecode.swift; path = RankingListView.swift; sourceTree = "<group>"; };
		973945C92BFE4E12008F1DB8 /* RankingItem.swift */ = {isa = PBXFileReference; lastKnownFileType = sourcecode.swift; path = RankingItem.swift; sourceTree = "<group>"; };
		973945CB2BFE4E2E008F1DB8 /* RankingViewModel.swift */ = {isa = PBXFileReference; lastKnownFileType = sourcecode.swift; path = RankingViewModel.swift; sourceTree = "<group>"; };
		973945CD2BFE4E6D008F1DB8 /* RankingResponse.swift */ = {isa = PBXFileReference; lastKnownFileType = sourcecode.swift; path = RankingResponse.swift; sourceTree = "<group>"; };
		974CE1B82BF4A512001967B8 /* ClassicGameView.swift */ = {isa = PBXFileReference; lastKnownFileType = sourcecode.swift; path = ClassicGameView.swift; sourceTree = "<group>"; };
		974CE1BA2BF51B50001967B8 /* GameService.swift */ = {isa = PBXFileReference; lastKnownFileType = sourcecode.swift; path = GameService.swift; sourceTree = "<group>"; };
		974CE1BC2BF51B9A001967B8 /* ClassicGameViewModel.swift */ = {isa = PBXFileReference; lastKnownFileType = sourcecode.swift; path = ClassicGameViewModel.swift; sourceTree = "<group>"; };
		974CE1BF2BF529C4001967B8 /* Game.swift */ = {isa = PBXFileReference; lastKnownFileType = sourcecode.swift; path = Game.swift; sourceTree = "<group>"; };
		974CE1C12BF529DB001967B8 /* Question.swift */ = {isa = PBXFileReference; lastKnownFileType = sourcecode.swift; path = Question.swift; sourceTree = "<group>"; };
		974CE1C32BF529EF001967B8 /* GameResponse.swift */ = {isa = PBXFileReference; lastKnownFileType = sourcecode.swift; path = GameResponse.swift; sourceTree = "<group>"; };
		974CE1C52BF52A07001967B8 /* AnswerResponse.swift */ = {isa = PBXFileReference; lastKnownFileType = sourcecode.swift; path = AnswerResponse.swift; sourceTree = "<group>"; };
		9757A7392C05C6D7005AAB4C /* UserProfileUpdateResponse.swift */ = {isa = PBXFileReference; lastKnownFileType = sourcecode.swift; path = UserProfileUpdateResponse.swift; sourceTree = "<group>"; };
		9757A73C2C05DFB3005AAB4C /* AgoraProjectView.swift */ = {isa = PBXFileReference; lastKnownFileType = sourcecode.swift; path = AgoraProjectView.swift; sourceTree = "<group>"; };
		9757A73E2C05DFD0005AAB4C /* AboutUsView.swift */ = {isa = PBXFileReference; lastKnownFileType = sourcecode.swift; path = AboutUsView.swift; sourceTree = "<group>"; };
		9757A7402C05EA25005AAB4C /* FAQItem.swift */ = {isa = PBXFileReference; lastKnownFileType = sourcecode.swift; path = FAQItem.swift; sourceTree = "<group>"; };
		9757A7422C05EA4C005AAB4C /* FAQView.swift */ = {isa = PBXFileReference; lastKnownFileType = sourcecode.swift; path = FAQView.swift; sourceTree = "<group>"; };
		9757A7442C062655005AAB4C /* ResetPasswordView.swift */ = {isa = PBXFileReference; lastKnownFileType = sourcecode.swift; path = ResetPasswordView.swift; sourceTree = "<group>"; };
		9757A7462C062FE5005AAB4C /* ResetPasswordViewModel.swift */ = {isa = PBXFileReference; lastKnownFileType = sourcecode.swift; path = ResetPasswordViewModel.swift; sourceTree = "<group>"; };
		9757A7482C063A6E005AAB4C /* PrivacyPolicyView.swift */ = {isa = PBXFileReference; lastKnownFileType = sourcecode.swift; path = PrivacyPolicyView.swift; sourceTree = "<group>"; };
		9757A74A2C063DCE005AAB4C /* HTMLTextView.swift */ = {isa = PBXFileReference; lastKnownFileType = sourcecode.swift; path = HTMLTextView.swift; sourceTree = "<group>"; };
		9757A74C2C064B82005AAB4C /* SignUpResponse.swift */ = {isa = PBXFileReference; lastKnownFileType = sourcecode.swift; path = SignUpResponse.swift; sourceTree = "<group>"; };
		979275342BF28043009ACAF9 /* MainView.swift */ = {isa = PBXFileReference; lastKnownFileType = sourcecode.swift; path = MainView.swift; sourceTree = "<group>"; };
		979275362BF28A59009ACAF9 /* AppTabView.swift */ = {isa = PBXFileReference; lastKnownFileType = sourcecode.swift; path = AppTabView.swift; sourceTree = "<group>"; };
		979BF7792C0490D80019DEF2 /* SettingsView.swift */ = {isa = PBXFileReference; lastKnownFileType = sourcecode.swift; path = SettingsView.swift; sourceTree = "<group>"; };
		97A580622BFA102200F1F836 /* ImageLoader.swift */ = {isa = PBXFileReference; lastKnownFileType = sourcecode.swift; path = ImageLoader.swift; sourceTree = "<group>"; };
		97A580642BFA104700F1F836 /* URLImage.swift */ = {isa = PBXFileReference; lastKnownFileType = sourcecode.swift; path = URLImage.swift; sourceTree = "<group>"; };
		97DDE69E2BFCDEB5009BE308 /* TimeTrialGameView.swift */ = {isa = PBXFileReference; lastKnownFileType = sourcecode.swift; path = TimeTrialGameView.swift; sourceTree = "<group>"; };
		97DDE6A02BFCE532009BE308 /* TimeTrialGameViewModel.swift */ = {isa = PBXFileReference; lastKnownFileType = sourcecode.swift; path = TimeTrialGameViewModel.swift; sourceTree = "<group>"; };
		97E9AE322BEA340C0057A835 /* agoraquiz.app */ = {isa = PBXFileReference; explicitFileType = wrapper.application; includeInIndex = 0; path = agoraquiz.app; sourceTree = BUILT_PRODUCTS_DIR; };
		97E9AE352BEA340C0057A835 /* agoraquizApp.swift */ = {isa = PBXFileReference; lastKnownFileType = sourcecode.swift; path = agoraquizApp.swift; sourceTree = "<group>"; };
		97E9AE372BEA340C0057A835 /* ContentView.swift */ = {isa = PBXFileReference; lastKnownFileType = sourcecode.swift; path = ContentView.swift; sourceTree = "<group>"; };
		97E9AE392BEA340E0057A835 /* Assets.xcassets */ = {isa = PBXFileReference; lastKnownFileType = folder.assetcatalog; path = Assets.xcassets; sourceTree = "<group>"; };
		97E9AE3C2BEA340E0057A835 /* Preview Assets.xcassets */ = {isa = PBXFileReference; lastKnownFileType = folder.assetcatalog; path = "Preview Assets.xcassets"; sourceTree = "<group>"; };
		97E9AE422BEA340E0057A835 /* agoraquizTests.xctest */ = {isa = PBXFileReference; explicitFileType = wrapper.cfbundle; includeInIndex = 0; path = agoraquizTests.xctest; sourceTree = BUILT_PRODUCTS_DIR; };
		97E9AE462BEA340E0057A835 /* agoraquizTests.swift */ = {isa = PBXFileReference; lastKnownFileType = sourcecode.swift; path = agoraquizTests.swift; sourceTree = "<group>"; };
		97E9AE4C2BEA340E0057A835 /* agoraquizUITests.xctest */ = {isa = PBXFileReference; explicitFileType = wrapper.cfbundle; includeInIndex = 0; path = agoraquizUITests.xctest; sourceTree = BUILT_PRODUCTS_DIR; };
		97E9AE502BEA340E0057A835 /* agoraquizUITests.swift */ = {isa = PBXFileReference; lastKnownFileType = sourcecode.swift; path = agoraquizUITests.swift; sourceTree = "<group>"; };
		97E9AE522BEA340E0057A835 /* agoraquizUITestsLaunchTests.swift */ = {isa = PBXFileReference; lastKnownFileType = sourcecode.swift; path = agoraquizUITestsLaunchTests.swift; sourceTree = "<group>"; };
		97E9AE602BEA3BAD0057A835 /* LoginView.swift */ = {isa = PBXFileReference; lastKnownFileType = sourcecode.swift; path = LoginView.swift; sourceTree = "<group>"; };
		97E9AE632BEA3BCF0057A835 /* LoginViewModel.swift */ = {isa = PBXFileReference; lastKnownFileType = sourcecode.swift; path = LoginViewModel.swift; sourceTree = "<group>"; };
		A6BA436C09E0C90DAA75A869 /* Pods-agoraquiz.release.xcconfig */ = {isa = PBXFileReference; includeInIndex = 1; lastKnownFileType = text.xcconfig; name = "Pods-agoraquiz.release.xcconfig"; path = "Target Support Files/Pods-agoraquiz/Pods-agoraquiz.release.xcconfig"; sourceTree = "<group>"; };
		EFA8D01E8CC2E8D468C5091A /* Pods-agoraquiz-agoraquizUITests.debug.xcconfig */ = {isa = PBXFileReference; includeInIndex = 1; lastKnownFileType = text.xcconfig; name = "Pods-agoraquiz-agoraquizUITests.debug.xcconfig"; path = "Target Support Files/Pods-agoraquiz-agoraquizUITests/Pods-agoraquiz-agoraquizUITests.debug.xcconfig"; sourceTree = "<group>"; };
		F789B1EC08CEDBBA3630B4E1 /* Pods-agoraquiz.debug.xcconfig */ = {isa = PBXFileReference; includeInIndex = 1; lastKnownFileType = text.xcconfig; name = "Pods-agoraquiz.debug.xcconfig"; path = "Target Support Files/Pods-agoraquiz/Pods-agoraquiz.debug.xcconfig"; sourceTree = "<group>"; };
/* End PBXFileReference section */

/* Begin PBXFrameworksBuildPhase section */
		97E9AE2F2BEA340C0057A835 /* Frameworks */ = {
			isa = PBXFrameworksBuildPhase;
			buildActionMask = 2147483647;
			files = (
				5EA4B7C2AEC4EB63354CAFE8 /* Pods_agoraquiz.framework in Frameworks */,
			);
			runOnlyForDeploymentPostprocessing = 0;
		};
		97E9AE3F2BEA340E0057A835 /* Frameworks */ = {
			isa = PBXFrameworksBuildPhase;
			buildActionMask = 2147483647;
			files = (
				B91BF0A06F2BC7AD5B5A6C3F /* Pods_agoraquizTests.framework in Frameworks */,
			);
			runOnlyForDeploymentPostprocessing = 0;
		};
		97E9AE492BEA340E0057A835 /* Frameworks */ = {
			isa = PBXFrameworksBuildPhase;
			buildActionMask = 2147483647;
			files = (
				5A00CD090D8138BCA82AC0F4 /* Pods_agoraquiz_agoraquizUITests.framework in Frameworks */,
			);
			runOnlyForDeploymentPostprocessing = 0;
		};
/* End PBXFrameworksBuildPhase section */

/* Begin PBXGroup section */
		50C962D6F6D42DF8190FE0C2 /* Frameworks */ = {
			isa = PBXGroup;
			children = (
				2ECB11B733F0ADEE1EBBFC31 /* Pods_agoraquiz.framework */,
				427F9D124C4AC213001805ED /* Pods_agoraquiz_agoraquizUITests.framework */,
				76C1504609BB4612AEAC0EB9 /* Pods_agoraquizTests.framework */,
			);
			name = Frameworks;
			sourceTree = "<group>";
		};
		97124C922BEB7D2F00E65467 /* Utilities */ = {
			isa = PBXGroup;
			children = (
				97124C952BEB7D8100E65467 /* CustomTextInput.swift */,
				97124C972BEB7EC000E65467 /* FilledButton.swift */,
				970704852BF657E300073C4C /* Toast.swift */,
				972C4E402BF9FDFA00777AB2 /* ImagePicker.swift */,
				97A580622BFA102200F1F836 /* ImageLoader.swift */,
				97A580642BFA104700F1F836 /* URLImage.swift */,
				973945C52BFE4DE4008F1DB8 /* RankingPodiumView.swift */,
				973945C72BFE4DFF008F1DB8 /* RankingListView.swift */,
				973945C92BFE4E12008F1DB8 /* RankingItem.swift */,
				9757A74A2C063DCE005AAB4C /* HTMLTextView.swift */,
			);
			path = Utilities;
			sourceTree = "<group>";
		};
		97124C9B2BEB8C7F00E65467 /* Services */ = {
			isa = PBXGroup;
			children = (
				97124C9C2BEB8C9400E65467 /* URLs.swift */,
				974CE1BA2BF51B50001967B8 /* GameService.swift */,
			);
			path = Services;
			sourceTree = "<group>";
		};
		972983F32BF7AAAD009086AE /* Managers */ = {
			isa = PBXGroup;
			children = (
				972983F42BF7AAD0009086AE /* NavigationManager.swift */,
				972983F82BF7AFB9009086AE /* SessionManager.swift */,
			);
			path = Managers;
			sourceTree = "<group>";
		};
		974CE1BE2BF51FA8001967B8 /* Models */ = {
			isa = PBXGroup;
			children = (
				974CE1BF2BF529C4001967B8 /* Game.swift */,
				974CE1C12BF529DB001967B8 /* Question.swift */,
				974CE1C32BF529EF001967B8 /* GameResponse.swift */,
				974CE1C52BF52A07001967B8 /* AnswerResponse.swift */,
				972983F62BF7ABFA009086AE /* GameMode.swift */,
				9716CFAF2BF88E3100909484 /* UserProfile.swift */,
				973945CD2BFE4E6D008F1DB8 /* RankingResponse.swift */,
				9757A7392C05C6D7005AAB4C /* UserProfileUpdateResponse.swift */,
				9757A7402C05EA25005AAB4C /* FAQItem.swift */,
				9757A74C2C064B82005AAB4C /* SignUpResponse.swift */,
			);
			path = Models;
			sourceTree = "<group>";
		};
		9757A73B2C05DF9A005AAB4C /* ContentSettingsViews */ = {
			isa = PBXGroup;
			children = (
				9757A73C2C05DFB3005AAB4C /* AgoraProjectView.swift */,
				9757A73E2C05DFD0005AAB4C /* AboutUsView.swift */,
				9757A7422C05EA4C005AAB4C /* FAQView.swift */,
			);
			path = ContentSettingsViews;
			sourceTree = "<group>";
		};
		97E9AE292BEA340C0057A835 = {
			isa = PBXGroup;
			children = (
				97E9AE342BEA340C0057A835 /* agoraquiz */,
				97E9AE452BEA340E0057A835 /* agoraquizTests */,
				97E9AE4F2BEA340E0057A835 /* agoraquizUITests */,
				97E9AE332BEA340C0057A835 /* Products */,
				F6117D888B6488660FDC5B27 /* Pods */,
				50C962D6F6D42DF8190FE0C2 /* Frameworks */,
			);
			sourceTree = "<group>";
		};
		97E9AE332BEA340C0057A835 /* Products */ = {
			isa = PBXGroup;
			children = (
				97E9AE322BEA340C0057A835 /* agoraquiz.app */,
				97E9AE422BEA340E0057A835 /* agoraquizTests.xctest */,
				97E9AE4C2BEA340E0057A835 /* agoraquizUITests.xctest */,
			);
			name = Products;
			sourceTree = "<group>";
		};
		97E9AE342BEA340C0057A835 /* agoraquiz */ = {
			isa = PBXGroup;
			children = (
				970704892BF6797500073C4C /* Info.plist */,
				972983F32BF7AAAD009086AE /* Managers */,
				974CE1BE2BF51FA8001967B8 /* Models */,
				97124C9B2BEB8C7F00E65467 /* Services */,
				97124C922BEB7D2F00E65467 /* Utilities */,
				97E9AE622BEA3BB20057A835 /* ViewModels */,
				97E9AE5F2BEA3B800057A835 /* Views */,
				97E9AE352BEA340C0057A835 /* agoraquizApp.swift */,
				97E9AE372BEA340C0057A835 /* ContentView.swift */,
				97E9AE392BEA340E0057A835 /* Assets.xcassets */,
				97E9AE3B2BEA340E0057A835 /* Preview Content */,
			);
			path = agoraquiz;
			sourceTree = "<group>";
		};
		97E9AE3B2BEA340E0057A835 /* Preview Content */ = {
			isa = PBXGroup;
			children = (
				97E9AE3C2BEA340E0057A835 /* Preview Assets.xcassets */,
			);
			path = "Preview Content";
			sourceTree = "<group>";
		};
		97E9AE452BEA340E0057A835 /* agoraquizTests */ = {
			isa = PBXGroup;
			children = (
				97E9AE462BEA340E0057A835 /* agoraquizTests.swift */,
			);
			path = agoraquizTests;
			sourceTree = "<group>";
		};
		97E9AE4F2BEA340E0057A835 /* agoraquizUITests */ = {
			isa = PBXGroup;
			children = (
				97E9AE502BEA340E0057A835 /* agoraquizUITests.swift */,
				97E9AE522BEA340E0057A835 /* agoraquizUITestsLaunchTests.swift */,
			);
			path = agoraquizUITests;
			sourceTree = "<group>";
		};
		97E9AE5F2BEA3B800057A835 /* Views */ = {
			isa = PBXGroup;
			children = (
				9757A73B2C05DF9A005AAB4C /* ContentSettingsViews */,
				97E9AE602BEA3BAD0057A835 /* LoginView.swift */,
				97124C8E2BEB774E00E65467 /* SignUpView.swift */,
				979275342BF28043009ACAF9 /* MainView.swift */,
				979275362BF28A59009ACAF9 /* AppTabView.swift */,
				974CE1B82BF4A512001967B8 /* ClassicGameView.swift */,
				970704812BF60E1100073C4C /* PauseView.swift */,
				970704832BF647FA00073C4C /* GameCompletedView.swift */,
				9716CFAB2BF8828800909484 /* ProfileView.swift */,
				97DDE69E2BFCDEB5009BE308 /* TimeTrialGameView.swift */,
				973945C32BFE4981008F1DB8 /* RankingView.swift */,
				979BF7792C0490D80019DEF2 /* SettingsView.swift */,
				9757A7442C062655005AAB4C /* ResetPasswordView.swift */,
				9757A7482C063A6E005AAB4C /* PrivacyPolicyView.swift */,
			);
			path = Views;
			sourceTree = "<group>";
		};
		97E9AE622BEA3BB20057A835 /* ViewModels */ = {
			isa = PBXGroup;
			children = (
				97E9AE632BEA3BCF0057A835 /* LoginViewModel.swift */,
				97124C902BEB776A00E65467 /* SignUpViewModel.swift */,
				974CE1BC2BF51B9A001967B8 /* ClassicGameViewModel.swift */,
				970704872BF6605900073C4C /* MainViewModel.swift */,
				9716CFAD2BF88C2900909484 /* ProfileViewModel.swift */,
				97DDE6A02BFCE532009BE308 /* TimeTrialGameViewModel.swift */,
				973945CB2BFE4E2E008F1DB8 /* RankingViewModel.swift */,
				9757A7462C062FE5005AAB4C /* ResetPasswordViewModel.swift */,
			);
			path = ViewModels;
			sourceTree = "<group>";
		};
		F6117D888B6488660FDC5B27 /* Pods */ = {
			isa = PBXGroup;
			children = (
				F789B1EC08CEDBBA3630B4E1 /* Pods-agoraquiz.debug.xcconfig */,
				A6BA436C09E0C90DAA75A869 /* Pods-agoraquiz.release.xcconfig */,
				EFA8D01E8CC2E8D468C5091A /* Pods-agoraquiz-agoraquizUITests.debug.xcconfig */,
				7F57817C2055449527231A0F /* Pods-agoraquiz-agoraquizUITests.release.xcconfig */,
				4D0583FAA3A8D335604F2611 /* Pods-agoraquizTests.debug.xcconfig */,
				0E6F05578D4D061430EDD665 /* Pods-agoraquizTests.release.xcconfig */,
			);
			path = Pods;
			sourceTree = "<group>";
		};
/* End PBXGroup section */

/* Begin PBXNativeTarget section */
		97E9AE312BEA340C0057A835 /* agoraquiz */ = {
			isa = PBXNativeTarget;
			buildConfigurationList = 97E9AE562BEA340E0057A835 /* Build configuration list for PBXNativeTarget "agoraquiz" */;
			buildPhases = (
				9D254A263E387354C8584056 /* [CP] Check Pods Manifest.lock */,
				97E9AE2E2BEA340C0057A835 /* Sources */,
				97E9AE2F2BEA340C0057A835 /* Frameworks */,
				97E9AE302BEA340C0057A835 /* Resources */,
			);
			buildRules = (
			);
			dependencies = (
			);
			name = agoraquiz;
			productName = agoraquiz;
			productReference = 97E9AE322BEA340C0057A835 /* agoraquiz.app */;
			productType = "com.apple.product-type.application";
		};
		97E9AE412BEA340E0057A835 /* agoraquizTests */ = {
			isa = PBXNativeTarget;
			buildConfigurationList = 97E9AE592BEA340E0057A835 /* Build configuration list for PBXNativeTarget "agoraquizTests" */;
			buildPhases = (
				3482E10FBBDD09B77350A780 /* [CP] Check Pods Manifest.lock */,
				97E9AE3E2BEA340E0057A835 /* Sources */,
				97E9AE3F2BEA340E0057A835 /* Frameworks */,
				97E9AE402BEA340E0057A835 /* Resources */,
			);
			buildRules = (
			);
			dependencies = (
				97E9AE442BEA340E0057A835 /* PBXTargetDependency */,
			);
			name = agoraquizTests;
			productName = agoraquizTests;
			productReference = 97E9AE422BEA340E0057A835 /* agoraquizTests.xctest */;
			productType = "com.apple.product-type.bundle.unit-test";
		};
		97E9AE4B2BEA340E0057A835 /* agoraquizUITests */ = {
			isa = PBXNativeTarget;
			buildConfigurationList = 97E9AE5C2BEA340E0057A835 /* Build configuration list for PBXNativeTarget "agoraquizUITests" */;
			buildPhases = (
				68C9DF22076D5DCB79BEA64E /* [CP] Check Pods Manifest.lock */,
				97E9AE482BEA340E0057A835 /* Sources */,
				97E9AE492BEA340E0057A835 /* Frameworks */,
				97E9AE4A2BEA340E0057A835 /* Resources */,
			);
			buildRules = (
			);
			dependencies = (
				97E9AE4E2BEA340E0057A835 /* PBXTargetDependency */,
			);
			name = agoraquizUITests;
			productName = agoraquizUITests;
			productReference = 97E9AE4C2BEA340E0057A835 /* agoraquizUITests.xctest */;
			productType = "com.apple.product-type.bundle.ui-testing";
		};
/* End PBXNativeTarget section */

/* Begin PBXProject section */
		97E9AE2A2BEA340C0057A835 /* Project object */ = {
			isa = PBXProject;
			attributes = {
				BuildIndependentTargetsInParallel = 1;
				LastSwiftUpdateCheck = 1530;
				LastUpgradeCheck = 1530;
				TargetAttributes = {
					97E9AE312BEA340C0057A835 = {
						CreatedOnToolsVersion = 15.3;
					};
					97E9AE412BEA340E0057A835 = {
						CreatedOnToolsVersion = 15.3;
						TestTargetID = 97E9AE312BEA340C0057A835;
					};
					97E9AE4B2BEA340E0057A835 = {
						CreatedOnToolsVersion = 15.3;
						TestTargetID = 97E9AE312BEA340C0057A835;
					};
				};
			};
			buildConfigurationList = 97E9AE2D2BEA340C0057A835 /* Build configuration list for PBXProject "agoraquiz" */;
			compatibilityVersion = "Xcode 14.0";
			developmentRegion = en;
			hasScannedForEncodings = 0;
			knownRegions = (
				en,
				Base,
			);
			mainGroup = 97E9AE292BEA340C0057A835;
			productRefGroup = 97E9AE332BEA340C0057A835 /* Products */;
			projectDirPath = "";
			projectRoot = "";
			targets = (
				97E9AE312BEA340C0057A835 /* agoraquiz */,
				97E9AE412BEA340E0057A835 /* agoraquizTests */,
				97E9AE4B2BEA340E0057A835 /* agoraquizUITests */,
			);
		};
/* End PBXProject section */

/* Begin PBXResourcesBuildPhase section */
		97E9AE302BEA340C0057A835 /* Resources */ = {
			isa = PBXResourcesBuildPhase;
			buildActionMask = 2147483647;
			files = (
				97E9AE3D2BEA340E0057A835 /* Preview Assets.xcassets in Resources */,
				97E9AE3A2BEA340E0057A835 /* Assets.xcassets in Resources */,
			);
			runOnlyForDeploymentPostprocessing = 0;
		};
		97E9AE402BEA340E0057A835 /* Resources */ = {
			isa = PBXResourcesBuildPhase;
			buildActionMask = 2147483647;
			files = (
			);
			runOnlyForDeploymentPostprocessing = 0;
		};
		97E9AE4A2BEA340E0057A835 /* Resources */ = {
			isa = PBXResourcesBuildPhase;
			buildActionMask = 2147483647;
			files = (
			);
			runOnlyForDeploymentPostprocessing = 0;
		};
/* End PBXResourcesBuildPhase section */

/* Begin PBXShellScriptBuildPhase section */
		3482E10FBBDD09B77350A780 /* [CP] Check Pods Manifest.lock */ = {
			isa = PBXShellScriptBuildPhase;
			buildActionMask = 2147483647;
			files = (
			);
			inputFileListPaths = (
			);
			inputPaths = (
				"${PODS_PODFILE_DIR_PATH}/Podfile.lock",
				"${PODS_ROOT}/Manifest.lock",
			);
			name = "[CP] Check Pods Manifest.lock";
			outputFileListPaths = (
			);
			outputPaths = (
				"$(DERIVED_FILE_DIR)/Pods-agoraquizTests-checkManifestLockResult.txt",
			);
			runOnlyForDeploymentPostprocessing = 0;
			shellPath = /bin/sh;
			shellScript = "diff \"${PODS_PODFILE_DIR_PATH}/Podfile.lock\" \"${PODS_ROOT}/Manifest.lock\" > /dev/null\nif [ $? != 0 ] ; then\n    # print error to STDERR\n    echo \"error: The sandbox is not in sync with the Podfile.lock. Run 'pod install' or update your CocoaPods installation.\" >&2\n    exit 1\nfi\n# This output is used by Xcode 'outputs' to avoid re-running this script phase.\necho \"SUCCESS\" > \"${SCRIPT_OUTPUT_FILE_0}\"\n";
			showEnvVarsInLog = 0;
		};
		68C9DF22076D5DCB79BEA64E /* [CP] Check Pods Manifest.lock */ = {
			isa = PBXShellScriptBuildPhase;
			buildActionMask = 2147483647;
			files = (
			);
			inputFileListPaths = (
			);
			inputPaths = (
				"${PODS_PODFILE_DIR_PATH}/Podfile.lock",
				"${PODS_ROOT}/Manifest.lock",
			);
			name = "[CP] Check Pods Manifest.lock";
			outputFileListPaths = (
			);
			outputPaths = (
				"$(DERIVED_FILE_DIR)/Pods-agoraquiz-agoraquizUITests-checkManifestLockResult.txt",
			);
			runOnlyForDeploymentPostprocessing = 0;
			shellPath = /bin/sh;
			shellScript = "diff \"${PODS_PODFILE_DIR_PATH}/Podfile.lock\" \"${PODS_ROOT}/Manifest.lock\" > /dev/null\nif [ $? != 0 ] ; then\n    # print error to STDERR\n    echo \"error: The sandbox is not in sync with the Podfile.lock. Run 'pod install' or update your CocoaPods installation.\" >&2\n    exit 1\nfi\n# This output is used by Xcode 'outputs' to avoid re-running this script phase.\necho \"SUCCESS\" > \"${SCRIPT_OUTPUT_FILE_0}\"\n";
			showEnvVarsInLog = 0;
		};
		9D254A263E387354C8584056 /* [CP] Check Pods Manifest.lock */ = {
			isa = PBXShellScriptBuildPhase;
			buildActionMask = 2147483647;
			files = (
			);
			inputFileListPaths = (
			);
			inputPaths = (
				"${PODS_PODFILE_DIR_PATH}/Podfile.lock",
				"${PODS_ROOT}/Manifest.lock",
			);
			name = "[CP] Check Pods Manifest.lock";
			outputFileListPaths = (
			);
			outputPaths = (
				"$(DERIVED_FILE_DIR)/Pods-agoraquiz-checkManifestLockResult.txt",
			);
			runOnlyForDeploymentPostprocessing = 0;
			shellPath = /bin/sh;
			shellScript = "diff \"${PODS_PODFILE_DIR_PATH}/Podfile.lock\" \"${PODS_ROOT}/Manifest.lock\" > /dev/null\nif [ $? != 0 ] ; then\n    # print error to STDERR\n    echo \"error: The sandbox is not in sync with the Podfile.lock. Run 'pod install' or update your CocoaPods installation.\" >&2\n    exit 1\nfi\n# This output is used by Xcode 'outputs' to avoid re-running this script phase.\necho \"SUCCESS\" > \"${SCRIPT_OUTPUT_FILE_0}\"\n";
			showEnvVarsInLog = 0;
		};
/* End PBXShellScriptBuildPhase section */

/* Begin PBXSourcesBuildPhase section */
		97E9AE2E2BEA340C0057A835 /* Sources */ = {
			isa = PBXSourcesBuildPhase;
			buildActionMask = 2147483647;
			files = (
				974CE1C62BF52A07001967B8 /* AnswerResponse.swift in Sources */,
				973945C82BFE4DFF008F1DB8 /* RankingListView.swift in Sources */,
				97E9AE642BEA3BCF0057A835 /* LoginViewModel.swift in Sources */,
				97A580632BFA102200F1F836 /* ImageLoader.swift in Sources */,
				974CE1BB2BF51B50001967B8 /* GameService.swift in Sources */,
				9757A74B2C063DCE005AAB4C /* HTMLTextView.swift in Sources */,
				9716CFAE2BF88C2900909484 /* ProfileViewModel.swift in Sources */,
				97124C982BEB7EC000E65467 /* FilledButton.swift in Sources */,
				973945CA2BFE4E12008F1DB8 /* RankingItem.swift in Sources */,
				974CE1C22BF529DB001967B8 /* Question.swift in Sources */,
				972983F52BF7AAD0009086AE /* NavigationManager.swift in Sources */,
				974CE1BD2BF51B9A001967B8 /* ClassicGameViewModel.swift in Sources */,
				97A580652BFA104700F1F836 /* URLImage.swift in Sources */,
				97DDE6A12BFCE532009BE308 /* TimeTrialGameViewModel.swift in Sources */,
				9757A7432C05EA4C005AAB4C /* FAQView.swift in Sources */,
				9757A7472C062FE5005AAB4C /* ResetPasswordViewModel.swift in Sources */,
				973945CC2BFE4E2E008F1DB8 /* RankingViewModel.swift in Sources */,
				970704822BF60E1100073C4C /* PauseView.swift in Sources */,
				9757A7412C05EA25005AAB4C /* FAQItem.swift in Sources */,
				9757A73D2C05DFB3005AAB4C /* AgoraProjectView.swift in Sources */,
				97124C8F2BEB774E00E65467 /* SignUpView.swift in Sources */,
				97E9AE612BEA3BAD0057A835 /* LoginView.swift in Sources */,
				970704842BF647FA00073C4C /* GameCompletedView.swift in Sources */,
				972983F92BF7AFB9009086AE /* SessionManager.swift in Sources */,
				9757A73A2C05C6D7005AAB4C /* UserProfileUpdateResponse.swift in Sources */,
				974CE1C42BF529EF001967B8 /* GameResponse.swift in Sources */,
				97124C9D2BEB8C9400E65467 /* URLs.swift in Sources */,
				9716CFAC2BF8828800909484 /* ProfileView.swift in Sources */,
				9757A7492C063A6E005AAB4C /* PrivacyPolicyView.swift in Sources */,
				97DDE69F2BFCDEB5009BE308 /* TimeTrialGameView.swift in Sources */,
				973945CE2BFE4E6D008F1DB8 /* RankingResponse.swift in Sources */,
				9716CFB02BF88E3100909484 /* UserProfile.swift in Sources */,
				979BF77A2C0490D80019DEF2 /* SettingsView.swift in Sources */,
				972C4E412BF9FDFA00777AB2 /* ImagePicker.swift in Sources */,
				979275372BF28A59009ACAF9 /* AppTabView.swift in Sources */,
				972983F72BF7ABFA009086AE /* GameMode.swift in Sources */,
				97E9AE382BEA340C0057A835 /* ContentView.swift in Sources */,
				979275352BF28043009ACAF9 /* MainView.swift in Sources */,
				9757A74D2C064B82005AAB4C /* SignUpResponse.swift in Sources */,
				97124C962BEB7D8100E65467 /* CustomTextInput.swift in Sources */,
				97124C912BEB776A00E65467 /* SignUpViewModel.swift in Sources */,
				97E9AE362BEA340C0057A835 /* agoraquizApp.swift in Sources */,
				973945C62BFE4DE4008F1DB8 /* RankingPodiumView.swift in Sources */,
				970704862BF657E300073C4C /* Toast.swift in Sources */,
				974CE1B92BF4A512001967B8 /* ClassicGameView.swift in Sources */,
				973945C42BFE4981008F1DB8 /* RankingView.swift in Sources */,
				9757A73F2C05DFD0005AAB4C /* AboutUsView.swift in Sources */,
				9757A7452C062655005AAB4C /* ResetPasswordView.swift in Sources */,
				970704882BF6605900073C4C /* MainViewModel.swift in Sources */,
				974CE1C02BF529C4001967B8 /* Game.swift in Sources */,
			);
			runOnlyForDeploymentPostprocessing = 0;
		};
		97E9AE3E2BEA340E0057A835 /* Sources */ = {
			isa = PBXSourcesBuildPhase;
			buildActionMask = 2147483647;
			files = (
				97E9AE472BEA340E0057A835 /* agoraquizTests.swift in Sources */,
			);
			runOnlyForDeploymentPostprocessing = 0;
		};
		97E9AE482BEA340E0057A835 /* Sources */ = {
			isa = PBXSourcesBuildPhase;
			buildActionMask = 2147483647;
			files = (
				97E9AE532BEA340E0057A835 /* agoraquizUITestsLaunchTests.swift in Sources */,
				97E9AE512BEA340E0057A835 /* agoraquizUITests.swift in Sources */,
			);
			runOnlyForDeploymentPostprocessing = 0;
		};
/* End PBXSourcesBuildPhase section */

/* Begin PBXTargetDependency section */
		97E9AE442BEA340E0057A835 /* PBXTargetDependency */ = {
			isa = PBXTargetDependency;
			target = 97E9AE312BEA340C0057A835 /* agoraquiz */;
			targetProxy = 97E9AE432BEA340E0057A835 /* PBXContainerItemProxy */;
		};
		97E9AE4E2BEA340E0057A835 /* PBXTargetDependency */ = {
			isa = PBXTargetDependency;
			target = 97E9AE312BEA340C0057A835 /* agoraquiz */;
			targetProxy = 97E9AE4D2BEA340E0057A835 /* PBXContainerItemProxy */;
		};
/* End PBXTargetDependency section */

/* Begin XCBuildConfiguration section */
		97E9AE542BEA340E0057A835 /* Debug */ = {
			isa = XCBuildConfiguration;
			buildSettings = {
				ALWAYS_SEARCH_USER_PATHS = NO;
				ASSETCATALOG_COMPILER_GENERATE_SWIFT_ASSET_SYMBOL_EXTENSIONS = YES;
				CLANG_ANALYZER_NONNULL = YES;
				CLANG_ANALYZER_NUMBER_OBJECT_CONVERSION = YES_AGGRESSIVE;
				CLANG_CXX_LANGUAGE_STANDARD = "gnu++20";
				CLANG_ENABLE_MODULES = YES;
				CLANG_ENABLE_OBJC_ARC = YES;
				CLANG_ENABLE_OBJC_WEAK = YES;
				CLANG_WARN_BLOCK_CAPTURE_AUTORELEASING = YES;
				CLANG_WARN_BOOL_CONVERSION = YES;
				CLANG_WARN_COMMA = YES;
				CLANG_WARN_CONSTANT_CONVERSION = YES;
				CLANG_WARN_DEPRECATED_OBJC_IMPLEMENTATIONS = YES;
				CLANG_WARN_DIRECT_OBJC_ISA_USAGE = YES_ERROR;
				CLANG_WARN_DOCUMENTATION_COMMENTS = YES;
				CLANG_WARN_EMPTY_BODY = YES;
				CLANG_WARN_ENUM_CONVERSION = YES;
				CLANG_WARN_INFINITE_RECURSION = YES;
				CLANG_WARN_INT_CONVERSION = YES;
				CLANG_WARN_NON_LITERAL_NULL_CONVERSION = YES;
				CLANG_WARN_OBJC_IMPLICIT_RETAIN_SELF = YES;
				CLANG_WARN_OBJC_LITERAL_CONVERSION = YES;
				CLANG_WARN_OBJC_ROOT_CLASS = YES_ERROR;
				CLANG_WARN_QUOTED_INCLUDE_IN_FRAMEWORK_HEADER = YES;
				CLANG_WARN_RANGE_LOOP_ANALYSIS = YES;
				CLANG_WARN_STRICT_PROTOTYPES = YES;
				CLANG_WARN_SUSPICIOUS_MOVE = YES;
				CLANG_WARN_UNGUARDED_AVAILABILITY = YES_AGGRESSIVE;
				CLANG_WARN_UNREACHABLE_CODE = YES;
				CLANG_WARN__DUPLICATE_METHOD_MATCH = YES;
				COPY_PHASE_STRIP = NO;
				DEBUG_INFORMATION_FORMAT = dwarf;
				ENABLE_STRICT_OBJC_MSGSEND = YES;
				ENABLE_TESTABILITY = YES;
				ENABLE_USER_SCRIPT_SANDBOXING = YES;
				GCC_C_LANGUAGE_STANDARD = gnu17;
				GCC_DYNAMIC_NO_PIC = NO;
				GCC_NO_COMMON_BLOCKS = YES;
				GCC_OPTIMIZATION_LEVEL = 0;
				GCC_PREPROCESSOR_DEFINITIONS = (
					"DEBUG=1",
					"$(inherited)",
				);
				GCC_WARN_64_TO_32_BIT_CONVERSION = YES;
				GCC_WARN_ABOUT_RETURN_TYPE = YES_ERROR;
				GCC_WARN_UNDECLARED_SELECTOR = YES;
				GCC_WARN_UNINITIALIZED_AUTOS = YES_AGGRESSIVE;
				GCC_WARN_UNUSED_FUNCTION = YES;
				GCC_WARN_UNUSED_VARIABLE = YES;
				IPHONEOS_DEPLOYMENT_TARGET = 17.4;
				LOCALIZATION_PREFERS_STRING_CATALOGS = YES;
				MTL_ENABLE_DEBUG_INFO = INCLUDE_SOURCE;
				MTL_FAST_MATH = YES;
				ONLY_ACTIVE_ARCH = YES;
				SDKROOT = iphoneos;
				SWIFT_ACTIVE_COMPILATION_CONDITIONS = "DEBUG $(inherited)";
				SWIFT_OPTIMIZATION_LEVEL = "-Onone";
			};
			name = Debug;
		};
		97E9AE552BEA340E0057A835 /* Release */ = {
			isa = XCBuildConfiguration;
			buildSettings = {
				ALWAYS_SEARCH_USER_PATHS = NO;
				ASSETCATALOG_COMPILER_GENERATE_SWIFT_ASSET_SYMBOL_EXTENSIONS = YES;
				CLANG_ANALYZER_NONNULL = YES;
				CLANG_ANALYZER_NUMBER_OBJECT_CONVERSION = YES_AGGRESSIVE;
				CLANG_CXX_LANGUAGE_STANDARD = "gnu++20";
				CLANG_ENABLE_MODULES = YES;
				CLANG_ENABLE_OBJC_ARC = YES;
				CLANG_ENABLE_OBJC_WEAK = YES;
				CLANG_WARN_BLOCK_CAPTURE_AUTORELEASING = YES;
				CLANG_WARN_BOOL_CONVERSION = YES;
				CLANG_WARN_COMMA = YES;
				CLANG_WARN_CONSTANT_CONVERSION = YES;
				CLANG_WARN_DEPRECATED_OBJC_IMPLEMENTATIONS = YES;
				CLANG_WARN_DIRECT_OBJC_ISA_USAGE = YES_ERROR;
				CLANG_WARN_DOCUMENTATION_COMMENTS = YES;
				CLANG_WARN_EMPTY_BODY = YES;
				CLANG_WARN_ENUM_CONVERSION = YES;
				CLANG_WARN_INFINITE_RECURSION = YES;
				CLANG_WARN_INT_CONVERSION = YES;
				CLANG_WARN_NON_LITERAL_NULL_CONVERSION = YES;
				CLANG_WARN_OBJC_IMPLICIT_RETAIN_SELF = YES;
				CLANG_WARN_OBJC_LITERAL_CONVERSION = YES;
				CLANG_WARN_OBJC_ROOT_CLASS = YES_ERROR;
				CLANG_WARN_QUOTED_INCLUDE_IN_FRAMEWORK_HEADER = YES;
				CLANG_WARN_RANGE_LOOP_ANALYSIS = YES;
				CLANG_WARN_STRICT_PROTOTYPES = YES;
				CLANG_WARN_SUSPICIOUS_MOVE = YES;
				CLANG_WARN_UNGUARDED_AVAILABILITY = YES_AGGRESSIVE;
				CLANG_WARN_UNREACHABLE_CODE = YES;
				CLANG_WARN__DUPLICATE_METHOD_MATCH = YES;
				COPY_PHASE_STRIP = NO;
				DEBUG_INFORMATION_FORMAT = "dwarf-with-dsym";
				ENABLE_NS_ASSERTIONS = NO;
				ENABLE_STRICT_OBJC_MSGSEND = YES;
				ENABLE_USER_SCRIPT_SANDBOXING = YES;
				GCC_C_LANGUAGE_STANDARD = gnu17;
				GCC_NO_COMMON_BLOCKS = YES;
				GCC_WARN_64_TO_32_BIT_CONVERSION = YES;
				GCC_WARN_ABOUT_RETURN_TYPE = YES_ERROR;
				GCC_WARN_UNDECLARED_SELECTOR = YES;
				GCC_WARN_UNINITIALIZED_AUTOS = YES_AGGRESSIVE;
				GCC_WARN_UNUSED_FUNCTION = YES;
				GCC_WARN_UNUSED_VARIABLE = YES;
				IPHONEOS_DEPLOYMENT_TARGET = 17.4;
				LOCALIZATION_PREFERS_STRING_CATALOGS = YES;
				MTL_ENABLE_DEBUG_INFO = NO;
				MTL_FAST_MATH = YES;
				SDKROOT = iphoneos;
				SWIFT_COMPILATION_MODE = wholemodule;
				VALIDATE_PRODUCT = YES;
			};
			name = Release;
		};
		97E9AE572BEA340E0057A835 /* Debug */ = {
			isa = XCBuildConfiguration;
			baseConfigurationReference = F789B1EC08CEDBBA3630B4E1 /* Pods-agoraquiz.debug.xcconfig */;
			buildSettings = {
				ASSETCATALOG_COMPILER_APPICON_NAME = AppIcon;
				ASSETCATALOG_COMPILER_GLOBAL_ACCENT_COLOR_NAME = AccentColor;
				CODE_SIGN_STYLE = Automatic;
				CURRENT_PROJECT_VERSION = 1;
				DEVELOPMENT_ASSET_PATHS = "\"agoraquiz/Preview Content\"";
				DEVELOPMENT_TEAM = 6RWV382T9P;
				ENABLE_PREVIEWS = YES;
				GENERATE_INFOPLIST_FILE = YES;
				INFOPLIST_FILE = agoraquiz/Info.plist;
				INFOPLIST_KEY_UIApplicationSceneManifest_Generation = YES;
				INFOPLIST_KEY_UIApplicationSupportsIndirectInputEvents = YES;
				INFOPLIST_KEY_UILaunchScreen_Generation = YES;
				INFOPLIST_KEY_UISupportedInterfaceOrientations_iPad = "UIInterfaceOrientationPortrait UIInterfaceOrientationPortraitUpsideDown UIInterfaceOrientationLandscapeLeft UIInterfaceOrientationLandscapeRight";
				INFOPLIST_KEY_UISupportedInterfaceOrientations_iPhone = "UIInterfaceOrientationPortrait UIInterfaceOrientationLandscapeLeft UIInterfaceOrientationLandscapeRight";
				LD_RUNPATH_SEARCH_PATHS = (
					"$(inherited)",
					"@executable_path/Frameworks",
				);
				MARKETING_VERSION = 1.0;
				PRODUCT_BUNDLE_IDENTIFIER = ibercivis.agoraquiz;
				PRODUCT_NAME = "$(TARGET_NAME)";
				SWIFT_EMIT_LOC_STRINGS = YES;
				SWIFT_VERSION = 5.0;
				TARGETED_DEVICE_FAMILY = "1,2";
			};
			name = Debug;
		};
		97E9AE582BEA340E0057A835 /* Release */ = {
			isa = XCBuildConfiguration;
			baseConfigurationReference = A6BA436C09E0C90DAA75A869 /* Pods-agoraquiz.release.xcconfig */;
			buildSettings = {
				ASSETCATALOG_COMPILER_APPICON_NAME = AppIcon;
				ASSETCATALOG_COMPILER_GLOBAL_ACCENT_COLOR_NAME = AccentColor;
				CODE_SIGN_STYLE = Automatic;
				CURRENT_PROJECT_VERSION = 1;
				DEVELOPMENT_ASSET_PATHS = "\"agoraquiz/Preview Content\"";
				DEVELOPMENT_TEAM = 6RWV382T9P;
				ENABLE_PREVIEWS = YES;
				GENERATE_INFOPLIST_FILE = YES;
				INFOPLIST_FILE = agoraquiz/Info.plist;
				INFOPLIST_KEY_UIApplicationSceneManifest_Generation = YES;
				INFOPLIST_KEY_UIApplicationSupportsIndirectInputEvents = YES;
				INFOPLIST_KEY_UILaunchScreen_Generation = YES;
				INFOPLIST_KEY_UISupportedInterfaceOrientations_iPad = "UIInterfaceOrientationPortrait UIInterfaceOrientationPortraitUpsideDown UIInterfaceOrientationLandscapeLeft UIInterfaceOrientationLandscapeRight";
				INFOPLIST_KEY_UISupportedInterfaceOrientations_iPhone = "UIInterfaceOrientationPortrait UIInterfaceOrientationLandscapeLeft UIInterfaceOrientationLandscapeRight";
				LD_RUNPATH_SEARCH_PATHS = (
					"$(inherited)",
					"@executable_path/Frameworks",
				);
				MARKETING_VERSION = 1.0;
				PRODUCT_BUNDLE_IDENTIFIER = ibercivis.agoraquiz;
				PRODUCT_NAME = "$(TARGET_NAME)";
				SWIFT_EMIT_LOC_STRINGS = YES;
				SWIFT_VERSION = 5.0;
				TARGETED_DEVICE_FAMILY = "1,2";
			};
			name = Release;
		};
		97E9AE5A2BEA340E0057A835 /* Debug */ = {
			isa = XCBuildConfiguration;
			baseConfigurationReference = 4D0583FAA3A8D335604F2611 /* Pods-agoraquizTests.debug.xcconfig */;
			buildSettings = {
				ALWAYS_EMBED_SWIFT_STANDARD_LIBRARIES = YES;
				BUNDLE_LOADER = "$(TEST_HOST)";
				CODE_SIGN_STYLE = Automatic;
				CURRENT_PROJECT_VERSION = 1;
				DEVELOPMENT_TEAM = 6RWV382T9P;
				GENERATE_INFOPLIST_FILE = YES;
				IPHONEOS_DEPLOYMENT_TARGET = 17.4;
				MARKETING_VERSION = 1.0;
				PRODUCT_BUNDLE_IDENTIFIER = ibercivis.agoraquizTests;
				PRODUCT_NAME = "$(TARGET_NAME)";
				SWIFT_EMIT_LOC_STRINGS = NO;
				SWIFT_VERSION = 5.0;
				TARGETED_DEVICE_FAMILY = "1,2";
				TEST_HOST = "$(BUILT_PRODUCTS_DIR)/agoraquiz.app/$(BUNDLE_EXECUTABLE_FOLDER_PATH)/agoraquiz";
			};
			name = Debug;
		};
		97E9AE5B2BEA340E0057A835 /* Release */ = {
			isa = XCBuildConfiguration;
			baseConfigurationReference = 0E6F05578D4D061430EDD665 /* Pods-agoraquizTests.release.xcconfig */;
			buildSettings = {
				ALWAYS_EMBED_SWIFT_STANDARD_LIBRARIES = YES;
				BUNDLE_LOADER = "$(TEST_HOST)";
				CODE_SIGN_STYLE = Automatic;
				CURRENT_PROJECT_VERSION = 1;
				DEVELOPMENT_TEAM = 6RWV382T9P;
				GENERATE_INFOPLIST_FILE = YES;
				IPHONEOS_DEPLOYMENT_TARGET = 17.4;
				MARKETING_VERSION = 1.0;
				PRODUCT_BUNDLE_IDENTIFIER = ibercivis.agoraquizTests;
				PRODUCT_NAME = "$(TARGET_NAME)";
				SWIFT_EMIT_LOC_STRINGS = NO;
				SWIFT_VERSION = 5.0;
				TARGETED_DEVICE_FAMILY = "1,2";
				TEST_HOST = "$(BUILT_PRODUCTS_DIR)/agoraquiz.app/$(BUNDLE_EXECUTABLE_FOLDER_PATH)/agoraquiz";
			};
			name = Release;
		};
		97E9AE5D2BEA340E0057A835 /* Debug */ = {
			isa = XCBuildConfiguration;
			baseConfigurationReference = EFA8D01E8CC2E8D468C5091A /* Pods-agoraquiz-agoraquizUITests.debug.xcconfig */;
			buildSettings = {
				ALWAYS_EMBED_SWIFT_STANDARD_LIBRARIES = YES;
				CODE_SIGN_STYLE = Automatic;
				CURRENT_PROJECT_VERSION = 1;
				DEVELOPMENT_TEAM = 6RWV382T9P;
				GENERATE_INFOPLIST_FILE = YES;
				MARKETING_VERSION = 1.0;
				PRODUCT_BUNDLE_IDENTIFIER = ibercivis.agoraquizUITests;
				PRODUCT_NAME = "$(TARGET_NAME)";
				SWIFT_EMIT_LOC_STRINGS = NO;
				SWIFT_VERSION = 5.0;
				TARGETED_DEVICE_FAMILY = "1,2";
				TEST_TARGET_NAME = agoraquiz;
			};
			name = Debug;
		};
		97E9AE5E2BEA340E0057A835 /* Release */ = {
			isa = XCBuildConfiguration;
			baseConfigurationReference = 7F57817C2055449527231A0F /* Pods-agoraquiz-agoraquizUITests.release.xcconfig */;
			buildSettings = {
				ALWAYS_EMBED_SWIFT_STANDARD_LIBRARIES = YES;
				CODE_SIGN_STYLE = Automatic;
				CURRENT_PROJECT_VERSION = 1;
				DEVELOPMENT_TEAM = 6RWV382T9P;
				GENERATE_INFOPLIST_FILE = YES;
				MARKETING_VERSION = 1.0;
				PRODUCT_BUNDLE_IDENTIFIER = ibercivis.agoraquizUITests;
				PRODUCT_NAME = "$(TARGET_NAME)";
				SWIFT_EMIT_LOC_STRINGS = NO;
				SWIFT_VERSION = 5.0;
				TARGETED_DEVICE_FAMILY = "1,2";
				TEST_TARGET_NAME = agoraquiz;
			};
			name = Release;
		};
/* End XCBuildConfiguration section */

/* Begin XCConfigurationList section */
		97E9AE2D2BEA340C0057A835 /* Build configuration list for PBXProject "agoraquiz" */ = {
			isa = XCConfigurationList;
			buildConfigurations = (
				97E9AE542BEA340E0057A835 /* Debug */,
				97E9AE552BEA340E0057A835 /* Release */,
			);
			defaultConfigurationIsVisible = 0;
			defaultConfigurationName = Release;
		};
		97E9AE562BEA340E0057A835 /* Build configuration list for PBXNativeTarget "agoraquiz" */ = {
			isa = XCConfigurationList;
			buildConfigurations = (
				97E9AE572BEA340E0057A835 /* Debug */,
				97E9AE582BEA340E0057A835 /* Release */,
			);
			defaultConfigurationIsVisible = 0;
			defaultConfigurationName = Release;
		};
		97E9AE592BEA340E0057A835 /* Build configuration list for PBXNativeTarget "agoraquizTests" */ = {
			isa = XCConfigurationList;
			buildConfigurations = (
				97E9AE5A2BEA340E0057A835 /* Debug */,
				97E9AE5B2BEA340E0057A835 /* Release */,
			);
			defaultConfigurationIsVisible = 0;
			defaultConfigurationName = Release;
		};
		97E9AE5C2BEA340E0057A835 /* Build configuration list for PBXNativeTarget "agoraquizUITests" */ = {
			isa = XCConfigurationList;
			buildConfigurations = (
				97E9AE5D2BEA340E0057A835 /* Debug */,
				97E9AE5E2BEA340E0057A835 /* Release */,
			);
			defaultConfigurationIsVisible = 0;
			defaultConfigurationName = Release;
		};
/* End XCConfigurationList section */
	};
	rootObject = 97E9AE2A2BEA340C0057A835 /* Project object */;
}
