// !$*UTF8*$!
{
	archiveVersion = 1;
	classes = {
	};
	objectVersion = 56;
	objects = {

/* Begin PBXBuildFile section */
		97124C8F2BEB774E00E65467 /* SignUpView.swift in Sources */ = {isa = PBXBuildFile; fileRef = 97124C8E2BEB774E00E65467 /* SignUpView.swift */; };
		97124C912BEB776A00E65467 /* SignUpViewModel.swift in Sources */ = {isa = PBXBuildFile; fileRef = 97124C902BEB776A00E65467 /* SignUpViewModel.swift */; };
		97124C962BEB7D8100E65467 /* CustomTextInput.swift in Sources */ = {isa = PBXBuildFile; fileRef = 97124C952BEB7D8100E65467 /* CustomTextInput.swift */; };
		97124C982BEB7EC000E65467 /* FilledButton.swift in Sources */ = {isa = PBXBuildFile; fileRef = 97124C972BEB7EC000E65467 /* FilledButton.swift */; };
		97124C9A2BEB8B1D00E65467 /* SessionManager.swift in Sources */ = {isa = PBXBuildFile; fileRef = 97124C992BEB8B1D00E65467 /* SessionManager.swift */; };
		97124C9D2BEB8C9400E65467 /* URLs.swift in Sources */ = {isa = PBXBuildFile; fileRef = 97124C9C2BEB8C9400E65467 /* URLs.swift */; };
		97E9AE362BEA340C0057A835 /* agoraquizApp.swift in Sources */ = {isa = PBXBuildFile; fileRef = 97E9AE352BEA340C0057A835 /* agoraquizApp.swift */; };
		97E9AE382BEA340C0057A835 /* ContentView.swift in Sources */ = {isa = PBXBuildFile; fileRef = 97E9AE372BEA340C0057A835 /* ContentView.swift */; };
		97E9AE3A2BEA340E0057A835 /* Assets.xcassets in Resources */ = {isa = PBXBuildFile; fileRef = 97E9AE392BEA340E0057A835 /* Assets.xcassets */; };
		97E9AE3D2BEA340E0057A835 /* Preview Assets.xcassets in Resources */ = {isa = PBXBuildFile; fileRef = 97E9AE3C2BEA340E0057A835 /* Preview Assets.xcassets */; };
		97E9AE472BEA340E0057A835 /* agoraquizTests.swift in Sources */ = {isa = PBXBuildFile; fileRef = 97E9AE462BEA340E0057A835 /* agoraquizTests.swift */; };
		97E9AE512BEA340E0057A835 /* agoraquizUITests.swift in Sources */ = {isa = PBXBuildFile; fileRef = 97E9AE502BEA340E0057A835 /* agoraquizUITests.swift */; };
		97E9AE532BEA340E0057A835 /* agoraquizUITestsLaunchTests.swift in Sources */ = {isa = PBXBuildFile; fileRef = 97E9AE522BEA340E0057A835 /* agoraquizUITestsLaunchTests.swift */; };
		97E9AE612BEA3BAD0057A835 /* LoginView.swift in Sources */ = {isa = PBXBuildFile; fileRef = 97E9AE602BEA3BAD0057A835 /* LoginView.swift */; };
		97E9AE642BEA3BCF0057A835 /* LoginViewModel.swift in Sources */ = {isa = PBXBuildFile; fileRef = 97E9AE632BEA3BCF0057A835 /* LoginViewModel.swift */; };
/* End PBXBuildFile section */

/* Begin PBXContainerItemProxy section */
		97E9AE432BEA340E0057A835 /* PBXContainerItemProxy */ = {
			isa = PBXContainerItemProxy;
			containerPortal = 97E9AE2A2BEA340C0057A835 /* Project object */;
			proxyType = 1;
			remoteGlobalIDString = 97E9AE312BEA340C0057A835;
			remoteInfo = agoraquiz;
		};
		97E9AE4D2BEA340E0057A835 /* PBXContainerItemProxy */ = {
			isa = PBXContainerItemProxy;
			containerPortal = 97E9AE2A2BEA340C0057A835 /* Project object */;
			proxyType = 1;
			remoteGlobalIDString = 97E9AE312BEA340C0057A835;
			remoteInfo = agoraquiz;
		};
/* End PBXContainerItemProxy section */

/* Begin PBXFileReference section */
		97124C8E2BEB774E00E65467 /* SignUpView.swift */ = {isa = PBXFileReference; lastKnownFileType = sourcecode.swift; path = SignUpView.swift; sourceTree = "<group>"; };
		97124C902BEB776A00E65467 /* SignUpViewModel.swift */ = {isa = PBXFileReference; lastKnownFileType = sourcecode.swift; path = SignUpViewModel.swift; sourceTree = "<group>"; };
		97124C952BEB7D8100E65467 /* CustomTextInput.swift */ = {isa = PBXFileReference; lastKnownFileType = sourcecode.swift; path = CustomTextInput.swift; sourceTree = "<group>"; };
		97124C972BEB7EC000E65467 /* FilledButton.swift */ = {isa = PBXFileReference; lastKnownFileType = sourcecode.swift; path = FilledButton.swift; sourceTree = "<group>"; };
		97124C992BEB8B1D00E65467 /* SessionManager.swift */ = {isa = PBXFileReference; lastKnownFileType = sourcecode.swift; path = SessionManager.swift; sourceTree = "<group>"; };
		97124C9C2BEB8C9400E65467 /* URLs.swift */ = {isa = PBXFileReference; lastKnownFileType = sourcecode.swift; path = URLs.swift; sourceTree = "<group>"; };
		97E9AE322BEA340C0057A835 /* agoraquiz.app */ = {isa = PBXFileReference; explicitFileType = wrapper.application; includeInIndex = 0; path = agoraquiz.app; sourceTree = BUILT_PRODUCTS_DIR; };
		97E9AE352BEA340C0057A835 /* agoraquizApp.swift */ = {isa = PBXFileReference; lastKnownFileType = sourcecode.swift; path = agoraquizApp.swift; sourceTree = "<group>"; };
		97E9AE372BEA340C0057A835 /* ContentView.swift */ = {isa = PBXFileReference; lastKnownFileType = sourcecode.swift; path = ContentView.swift; sourceTree = "<group>"; };
		97E9AE392BEA340E0057A835 /* Assets.xcassets */ = {isa = PBXFileReference; lastKnownFileType = folder.assetcatalog; path = Assets.xcassets; sourceTree = "<group>"; };
		97E9AE3C2BEA340E0057A835 /* Preview Assets.xcassets */ = {isa = PBXFileReference; lastKnownFileType = folder.assetcatalog; path = "Preview Assets.xcassets"; sourceTree = "<group>"; };
		97E9AE422BEA340E0057A835 /* agoraquizTests.xctest */ = {isa = PBXFileReference; explicitFileType = wrapper.cfbundle; includeInIndex = 0; path = agoraquizTests.xctest; sourceTree = BUILT_PRODUCTS_DIR; };
		97E9AE462BEA340E0057A835 /* agoraquizTests.swift */ = {isa = PBXFileReference; lastKnownFileType = sourcecode.swift; path = agoraquizTests.swift; sourceTree = "<group>"; };
		97E9AE4C2BEA340E0057A835 /* agoraquizUITests.xctest */ = {isa = PBXFileReference; explicitFileType = wrapper.cfbundle; includeInIndex = 0; path = agoraquizUITests.xctest; sourceTree = BUILT_PRODUCTS_DIR; };
		97E9AE502BEA340E0057A835 /* agoraquizUITests.swift */ = {isa = PBXFileReference; lastKnownFileType = sourcecode.swift; path = agoraquizUITests.swift; sourceTree = "<group>"; };
		97E9AE522BEA340E0057A835 /* agoraquizUITestsLaunchTests.swift */ = {isa = PBXFileReference; lastKnownFileType = sourcecode.swift; path = agoraquizUITestsLaunchTests.swift; sourceTree = "<group>"; };
		97E9AE602BEA3BAD0057A835 /* LoginView.swift */ = {isa = PBXFileReference; lastKnownFileType = sourcecode.swift; path = LoginView.swift; sourceTree = "<group>"; };
		97E9AE632BEA3BCF0057A835 /* LoginViewModel.swift */ = {isa = PBXFileReference; lastKnownFileType = sourcecode.swift; path = LoginViewModel.swift; sourceTree = "<group>"; };
/* End PBXFileReference section */

/* Begin PBXFrameworksBuildPhase section */
		97E9AE2F2BEA340C0057A835 /* Frameworks */ = {
			isa = PBXFrameworksBuildPhase;
			buildActionMask = 2147483647;
			files = (
			);
			runOnlyForDeploymentPostprocessing = 0;
		};
		97E9AE3F2BEA340E0057A835 /* Frameworks */ = {
			isa = PBXFrameworksBuildPhase;
			buildActionMask = 2147483647;
			files = (
			);
			runOnlyForDeploymentPostprocessing = 0;
		};
		97E9AE492BEA340E0057A835 /* Frameworks */ = {
			isa = PBXFrameworksBuildPhase;
			buildActionMask = 2147483647;
			files = (
			);
			runOnlyForDeploymentPostprocessing = 0;
		};
/* End PBXFrameworksBuildPhase section */

/* Begin PBXGroup section */
		97124C922BEB7D2F00E65467 /* Utilities */ = {
			isa = PBXGroup;
			children = (
				97124C952BEB7D8100E65467 /* CustomTextInput.swift */,
				97124C972BEB7EC000E65467 /* FilledButton.swift */,
				97124C992BEB8B1D00E65467 /* SessionManager.swift */,
			);
			path = Utilities;
			sourceTree = "<group>";
		};
		97124C9B2BEB8C7F00E65467 /* Services */ = {
			isa = PBXGroup;
			children = (
				97124C9C2BEB8C9400E65467 /* URLs.swift */,
			);
			path = Services;
			sourceTree = "<group>";
		};
		97E9AE292BEA340C0057A835 = {
			isa = PBXGroup;
			children = (
				97E9AE342BEA340C0057A835 /* agoraquiz */,
				97E9AE452BEA340E0057A835 /* agoraquizTests */,
				97E9AE4F2BEA340E0057A835 /* agoraquizUITests */,
				97E9AE332BEA340C0057A835 /* Products */,
			);
			sourceTree = "<group>";
		};
		97E9AE332BEA340C0057A835 /* Products */ = {
			isa = PBXGroup;
			children = (
				97E9AE322BEA340C0057A835 /* agoraquiz.app */,
				97E9AE422BEA340E0057A835 /* agoraquizTests.xctest */,
				97E9AE4C2BEA340E0057A835 /* agoraquizUITests.xctest */,
			);
			name = Products;
			sourceTree = "<group>";
		};
		97E9AE342BEA340C0057A835 /* agoraquiz */ = {
			isa = PBXGroup;
			children = (
				97124C9B2BEB8C7F00E65467 /* Services */,
				97124C922BEB7D2F00E65467 /* Utilities */,
				97E9AE622BEA3BB20057A835 /* ViewModels */,
				97E9AE5F2BEA3B800057A835 /* Views */,
				97E9AE352BEA340C0057A835 /* agoraquizApp.swift */,
				97E9AE372BEA340C0057A835 /* ContentView.swift */,
				97E9AE392BEA340E0057A835 /* Assets.xcassets */,
				97E9AE3B2BEA340E0057A835 /* Preview Content */,
			);
			path = agoraquiz;
			sourceTree = "<group>";
		};
		97E9AE3B2BEA340E0057A835 /* Preview Content */ = {
			isa = PBXGroup;
			children = (
				97E9AE3C2BEA340E0057A835 /* Preview Assets.xcassets */,
			);
			path = "Preview Content";
			sourceTree = "<group>";
		};
		97E9AE452BEA340E0057A835 /* agoraquizTests */ = {
			isa = PBXGroup;
			children = (
				97E9AE462BEA340E0057A835 /* agoraquizTests.swift */,
			);
			path = agoraquizTests;
			sourceTree = "<group>";
		};
		97E9AE4F2BEA340E0057A835 /* agoraquizUITests */ = {
			isa = PBXGroup;
			children = (
				97E9AE502BEA340E0057A835 /* agoraquizUITests.swift */,
				97E9AE522BEA340E0057A835 /* agoraquizUITestsLaunchTests.swift */,
			);
			path = agoraquizUITests;
			sourceTree = "<group>";
		};
		97E9AE5F2BEA3B800057A835 /* Views */ = {
			isa = PBXGroup;
			children = (
				97E9AE602BEA3BAD0057A835 /* LoginView.swift */,
				97124C8E2BEB774E00E65467 /* SignUpView.swift */,
			);
			path = Views;
			sourceTree = "<group>";
		};
		97E9AE622BEA3BB20057A835 /* ViewModels */ = {
			isa = PBXGroup;
			children = (
				97E9AE632BEA3BCF0057A835 /* LoginViewModel.swift */,
				97124C902BEB776A00E65467 /* SignUpViewModel.swift */,
			);
			path = ViewModels;
			sourceTree = "<group>";
		};
/* End PBXGroup section */

/* Begin PBXNativeTarget section */
		97E9AE312BEA340C0057A835 /* agoraquiz */ = {
			isa = PBXNativeTarget;
			buildConfigurationList = 97E9AE562BEA340E0057A835 /* Build configuration list for PBXNativeTarget "agoraquiz" */;
			buildPhases = (
				97E9AE2E2BEA340C0057A835 /* Sources */,
				97E9AE2F2BEA340C0057A835 /* Frameworks */,
				97E9AE302BEA340C0057A835 /* Resources */,
			);
			buildRules = (
			);
			dependencies = (
			);
			name = agoraquiz;
			productName = agoraquiz;
			productReference = 97E9AE322BEA340C0057A835 /* agoraquiz.app */;
			productType = "com.apple.product-type.application";
		};
		97E9AE412BEA340E0057A835 /* agoraquizTests */ = {
			isa = PBXNativeTarget;
			buildConfigurationList = 97E9AE592BEA340E0057A835 /* Build configuration list for PBXNativeTarget "agoraquizTests" */;
			buildPhases = (
				97E9AE3E2BEA340E0057A835 /* Sources */,
				97E9AE3F2BEA340E0057A835 /* Frameworks */,
				97E9AE402BEA340E0057A835 /* Resources */,
			);
			buildRules = (
			);
			dependencies = (
				97E9AE442BEA340E0057A835 /* PBXTargetDependency */,
			);
			name = agoraquizTests;
			productName = agoraquizTests;
			productReference = 97E9AE422BEA340E0057A835 /* agoraquizTests.xctest */;
			productType = "com.apple.product-type.bundle.unit-test";
		};
		97E9AE4B2BEA340E0057A835 /* agoraquizUITests */ = {
			isa = PBXNativeTarget;
			buildConfigurationList = 97E9AE5C2BEA340E0057A835 /* Build configuration list for PBXNativeTarget "agoraquizUITests" */;
			buildPhases = (
				97E9AE482BEA340E0057A835 /* Sources */,
				97E9AE492BEA340E0057A835 /* Frameworks */,
				97E9AE4A2BEA340E0057A835 /* Resources */,
			);
			buildRules = (
			);
			dependencies = (
				97E9AE4E2BEA340E0057A835 /* PBXTargetDependency */,
			);
			name = agoraquizUITests;
			productName = agoraquizUITests;
			productReference = 97E9AE4C2BEA340E0057A835 /* agoraquizUITests.xctest */;
			productType = "com.apple.product-type.bundle.ui-testing";
		};
/* End PBXNativeTarget section */

/* Begin PBXProject section */
		97E9AE2A2BEA340C0057A835 /* Project object */ = {
			isa = PBXProject;
			attributes = {
				BuildIndependentTargetsInParallel = 1;
				LastSwiftUpdateCheck = 1530;
				LastUpgradeCheck = 1530;
				TargetAttributes = {
					97E9AE312BEA340C0057A835 = {
						CreatedOnToolsVersion = 15.3;
					};
					97E9AE412BEA340E0057A835 = {
						CreatedOnToolsVersion = 15.3;
						TestTargetID = 97E9AE312BEA340C0057A835;
					};
					97E9AE4B2BEA340E0057A835 = {
						CreatedOnToolsVersion = 15.3;
						TestTargetID = 97E9AE312BEA340C0057A835;
					};
				};
			};
			buildConfigurationList = 97E9AE2D2BEA340C0057A835 /* Build configuration list for PBXProject "agoraquiz" */;
			compatibilityVersion = "Xcode 14.0";
			developmentRegion = en;
			hasScannedForEncodings = 0;
			knownRegions = (
				en,
				Base,
			);
			mainGroup = 97E9AE292BEA340C0057A835;
			productRefGroup = 97E9AE332BEA340C0057A835 /* Products */;
			projectDirPath = "";
			projectRoot = "";
			targets = (
				97E9AE312BEA340C0057A835 /* agoraquiz */,
				97E9AE412BEA340E0057A835 /* agoraquizTests */,
				97E9AE4B2BEA340E0057A835 /* agoraquizUITests */,
			);
		};
/* End PBXProject section */

/* Begin PBXResourcesBuildPhase section */
		97E9AE302BEA340C0057A835 /* Resources */ = {
			isa = PBXResourcesBuildPhase;
			buildActionMask = 2147483647;
			files = (
				97E9AE3D2BEA340E0057A835 /* Preview Assets.xcassets in Resources */,
				97E9AE3A2BEA340E0057A835 /* Assets.xcassets in Resources */,
			);
			runOnlyForDeploymentPostprocessing = 0;
		};
		97E9AE402BEA340E0057A835 /* Resources */ = {
			isa = PBXResourcesBuildPhase;
			buildActionMask = 2147483647;
			files = (
			);
			runOnlyForDeploymentPostprocessing = 0;
		};
		97E9AE4A2BEA340E0057A835 /* Resources */ = {
			isa = PBXResourcesBuildPhase;
			buildActionMask = 2147483647;
			files = (
			);
			runOnlyForDeploymentPostprocessing = 0;
		};
/* End PBXResourcesBuildPhase section */

/* Begin PBXSourcesBuildPhase section */
		97E9AE2E2BEA340C0057A835 /* Sources */ = {
			isa = PBXSourcesBuildPhase;
			buildActionMask = 2147483647;
			files = (
				97E9AE642BEA3BCF0057A835 /* LoginViewModel.swift in Sources */,
				97124C982BEB7EC000E65467 /* FilledButton.swift in Sources */,
				97124C9A2BEB8B1D00E65467 /* SessionManager.swift in Sources */,
				97124C8F2BEB774E00E65467 /* SignUpView.swift in Sources */,
				97E9AE612BEA3BAD0057A835 /* LoginView.swift in Sources */,
				97124C9D2BEB8C9400E65467 /* URLs.swift in Sources */,
				97E9AE382BEA340C0057A835 /* ContentView.swift in Sources */,
				97124C962BEB7D8100E65467 /* CustomTextInput.swift in Sources */,
				97124C912BEB776A00E65467 /* SignUpViewModel.swift in Sources */,
				97E9AE362BEA340C0057A835 /* agoraquizApp.swift in Sources */,
			);
			runOnlyForDeploymentPostprocessing = 0;
		};
		97E9AE3E2BEA340E0057A835 /* Sources */ = {
			isa = PBXSourcesBuildPhase;
			buildActionMask = 2147483647;
			files = (
				97E9AE472BEA340E0057A835 /* agoraquizTests.swift in Sources */,
			);
			runOnlyForDeploymentPostprocessing = 0;
		};
		97E9AE482BEA340E0057A835 /* Sources */ = {
			isa = PBXSourcesBuildPhase;
			buildActionMask = 2147483647;
			files = (
				97E9AE532BEA340E0057A835 /* agoraquizUITestsLaunchTests.swift in Sources */,
				97E9AE512BEA340E0057A835 /* agoraquizUITests.swift in Sources */,
			);
			runOnlyForDeploymentPostprocessing = 0;
		};
/* End PBXSourcesBuildPhase section */

/* Begin PBXTargetDependency section */
		97E9AE442BEA340E0057A835 /* PBXTargetDependency */ = {
			isa = PBXTargetDependency;
			target = 97E9AE312BEA340C0057A835 /* agoraquiz */;
			targetProxy = 97E9AE432BEA340E0057A835 /* PBXContainerItemProxy */;
		};
		97E9AE4E2BEA340E0057A835 /* PBXTargetDependency */ = {
			isa = PBXTargetDependency;
			target = 97E9AE312BEA340C0057A835 /* agoraquiz */;
			targetProxy = 97E9AE4D2BEA340E0057A835 /* PBXContainerItemProxy */;
		};
/* End PBXTargetDependency section */

/* Begin XCBuildConfiguration section */
		97E9AE542BEA340E0057A835 /* Debug */ = {
			isa = XCBuildConfiguration;
			buildSettings = {
				ALWAYS_SEARCH_USER_PATHS = NO;
				ASSETCATALOG_COMPILER_GENERATE_SWIFT_ASSET_SYMBOL_EXTENSIONS = YES;
				CLANG_ANALYZER_NONNULL = YES;
				CLANG_ANALYZER_NUMBER_OBJECT_CONVERSION = YES_AGGRESSIVE;
				CLANG_CXX_LANGUAGE_STANDARD = "gnu++20";
				CLANG_ENABLE_MODULES = YES;
				CLANG_ENABLE_OBJC_ARC = YES;
				CLANG_ENABLE_OBJC_WEAK = YES;
				CLANG_WARN_BLOCK_CAPTURE_AUTORELEASING = YES;
				CLANG_WARN_BOOL_CONVERSION = YES;
				CLANG_WARN_COMMA = YES;
				CLANG_WARN_CONSTANT_CONVERSION = YES;
				CLANG_WARN_DEPRECATED_OBJC_IMPLEMENTATIONS = YES;
				CLANG_WARN_DIRECT_OBJC_ISA_USAGE = YES_ERROR;
				CLANG_WARN_DOCUMENTATION_COMMENTS = YES;
				CLANG_WARN_EMPTY_BODY = YES;
				CLANG_WARN_ENUM_CONVERSION = YES;
				CLANG_WARN_INFINITE_RECURSION = YES;
				CLANG_WARN_INT_CONVERSION = YES;
				CLANG_WARN_NON_LITERAL_NULL_CONVERSION = YES;
				CLANG_WARN_OBJC_IMPLICIT_RETAIN_SELF = YES;
				CLANG_WARN_OBJC_LITERAL_CONVERSION = YES;
				CLANG_WARN_OBJC_ROOT_CLASS = YES_ERROR;
				CLANG_WARN_QUOTED_INCLUDE_IN_FRAMEWORK_HEADER = YES;
				CLANG_WARN_RANGE_LOOP_ANALYSIS = YES;
				CLANG_WARN_STRICT_PROTOTYPES = YES;
				CLANG_WARN_SUSPICIOUS_MOVE = YES;
				CLANG_WARN_UNGUARDED_AVAILABILITY = YES_AGGRESSIVE;
				CLANG_WARN_UNREACHABLE_CODE = YES;
				CLANG_WARN__DUPLICATE_METHOD_MATCH = YES;
				COPY_PHASE_STRIP = NO;
				DEBUG_INFORMATION_FORMAT = dwarf;
				ENABLE_STRICT_OBJC_MSGSEND = YES;
				ENABLE_TESTABILITY = YES;
				ENABLE_USER_SCRIPT_SANDBOXING = YES;
				GCC_C_LANGUAGE_STANDARD = gnu17;
				GCC_DYNAMIC_NO_PIC = NO;
				GCC_NO_COMMON_BLOCKS = YES;
				GCC_OPTIMIZATION_LEVEL = 0;
				GCC_PREPROCESSOR_DEFINITIONS = (
					"DEBUG=1",
					"$(inherited)",
				);
				GCC_WARN_64_TO_32_BIT_CONVERSION = YES;
				GCC_WARN_ABOUT_RETURN_TYPE = YES_ERROR;
				GCC_WARN_UNDECLARED_SELECTOR = YES;
				GCC_WARN_UNINITIALIZED_AUTOS = YES_AGGRESSIVE;
				GCC_WARN_UNUSED_FUNCTION = YES;
				GCC_WARN_UNUSED_VARIABLE = YES;
				IPHONEOS_DEPLOYMENT_TARGET = 17.4;
				LOCALIZATION_PREFERS_STRING_CATALOGS = YES;
				MTL_ENABLE_DEBUG_INFO = INCLUDE_SOURCE;
				MTL_FAST_MATH = YES;
				ONLY_ACTIVE_ARCH = YES;
				SDKROOT = iphoneos;
				SWIFT_ACTIVE_COMPILATION_CONDITIONS = "DEBUG $(inherited)";
				SWIFT_OPTIMIZATION_LEVEL = "-Onone";
			};
			name = Debug;
		};
		97E9AE552BEA340E0057A835 /* Release */ = {
			isa = XCBuildConfiguration;
			buildSettings = {
				ALWAYS_SEARCH_USER_PATHS = NO;
				ASSETCATALOG_COMPILER_GENERATE_SWIFT_ASSET_SYMBOL_EXTENSIONS = YES;
				CLANG_ANALYZER_NONNULL = YES;
				CLANG_ANALYZER_NUMBER_OBJECT_CONVERSION = YES_AGGRESSIVE;
				CLANG_CXX_LANGUAGE_STANDARD = "gnu++20";
				CLANG_ENABLE_MODULES = YES;
				CLANG_ENABLE_OBJC_ARC = YES;
				CLANG_ENABLE_OBJC_WEAK = YES;
				CLANG_WARN_BLOCK_CAPTURE_AUTORELEASING = YES;
				CLANG_WARN_BOOL_CONVERSION = YES;
				CLANG_WARN_COMMA = YES;
				CLANG_WARN_CONSTANT_CONVERSION = YES;
				CLANG_WARN_DEPRECATED_OBJC_IMPLEMENTATIONS = YES;
				CLANG_WARN_DIRECT_OBJC_ISA_USAGE = YES_ERROR;
				CLANG_WARN_DOCUMENTATION_COMMENTS = YES;
				CLANG_WARN_EMPTY_BODY = YES;
				CLANG_WARN_ENUM_CONVERSION = YES;
				CLANG_WARN_INFINITE_RECURSION = YES;
				CLANG_WARN_INT_CONVERSION = YES;
				CLANG_WARN_NON_LITERAL_NULL_CONVERSION = YES;
				CLANG_WARN_OBJC_IMPLICIT_RETAIN_SELF = YES;
				CLANG_WARN_OBJC_LITERAL_CONVERSION = YES;
				CLANG_WARN_OBJC_ROOT_CLASS = YES_ERROR;
				CLANG_WARN_QUOTED_INCLUDE_IN_FRAMEWORK_HEADER = YES;
				CLANG_WARN_RANGE_LOOP_ANALYSIS = YES;
				CLANG_WARN_STRICT_PROTOTYPES = YES;
				CLANG_WARN_SUSPICIOUS_MOVE = YES;
				CLANG_WARN_UNGUARDED_AVAILABILITY = YES_AGGRESSIVE;
				CLANG_WARN_UNREACHABLE_CODE = YES;
				CLANG_WARN__DUPLICATE_METHOD_MATCH = YES;
				COPY_PHASE_STRIP = NO;
				DEBUG_INFORMATION_FORMAT = "dwarf-with-dsym";
				ENABLE_NS_ASSERTIONS = NO;
				ENABLE_STRICT_OBJC_MSGSEND = YES;
				ENABLE_USER_SCRIPT_SANDBOXING = YES;
				GCC_C_LANGUAGE_STANDARD = gnu17;
				GCC_NO_COMMON_BLOCKS = YES;
				GCC_WARN_64_TO_32_BIT_CONVERSION = YES;
				GCC_WARN_ABOUT_RETURN_TYPE = YES_ERROR;
				GCC_WARN_UNDECLARED_SELECTOR = YES;
				GCC_WARN_UNINITIALIZED_AUTOS = YES_AGGRESSIVE;
				GCC_WARN_UNUSED_FUNCTION = YES;
				GCC_WARN_UNUSED_VARIABLE = YES;
				IPHONEOS_DEPLOYMENT_TARGET = 17.4;
				LOCALIZATION_PREFERS_STRING_CATALOGS = YES;
				MTL_ENABLE_DEBUG_INFO = NO;
				MTL_FAST_MATH = YES;
				SDKROOT = iphoneos;
				SWIFT_COMPILATION_MODE = wholemodule;
				VALIDATE_PRODUCT = YES;
			};
			name = Release;
		};
		97E9AE572BEA340E0057A835 /* Debug */ = {
			isa = XCBuildConfiguration;
			buildSettings = {
				ASSETCATALOG_COMPILER_APPICON_NAME = AppIcon;
				ASSETCATALOG_COMPILER_GLOBAL_ACCENT_COLOR_NAME = AccentColor;
				CODE_SIGN_STYLE = Automatic;
				CURRENT_PROJECT_VERSION = 1;
				DEVELOPMENT_ASSET_PATHS = "\"agoraquiz/Preview Content\"";
				DEVELOPMENT_TEAM = 6RWV382T9P;
				ENABLE_PREVIEWS = YES;
				GENERATE_INFOPLIST_FILE = YES;
				INFOPLIST_KEY_UIApplicationSceneManifest_Generation = YES;
				INFOPLIST_KEY_UIApplicationSupportsIndirectInputEvents = YES;
				INFOPLIST_KEY_UILaunchScreen_Generation = YES;
				INFOPLIST_KEY_UISupportedInterfaceOrientations_iPad = "UIInterfaceOrientationPortrait UIInterfaceOrientationPortraitUpsideDown UIInterfaceOrientationLandscapeLeft UIInterfaceOrientationLandscapeRight";
				INFOPLIST_KEY_UISupportedInterfaceOrientations_iPhone = "UIInterfaceOrientationPortrait UIInterfaceOrientationLandscapeLeft UIInterfaceOrientationLandscapeRight";
				LD_RUNPATH_SEARCH_PATHS = (
					"$(inherited)",
					"@executable_path/Frameworks",
				);
				MARKETING_VERSION = 1.0;
				PRODUCT_BUNDLE_IDENTIFIER = ibercivis.agoraquiz;
				PRODUCT_NAME = "$(TARGET_NAME)";
				SWIFT_EMIT_LOC_STRINGS = YES;
				SWIFT_VERSION = 5.0;
				TARGETED_DEVICE_FAMILY = "1,2";
			};
			name = Debug;
		};
		97E9AE582BEA340E0057A835 /* Release */ = {
			isa = XCBuildConfiguration;
			buildSettings = {
				ASSETCATALOG_COMPILER_APPICON_NAME = AppIcon;
				ASSETCATALOG_COMPILER_GLOBAL_ACCENT_COLOR_NAME = AccentColor;
				CODE_SIGN_STYLE = Automatic;
				CURRENT_PROJECT_VERSION = 1;
				DEVELOPMENT_ASSET_PATHS = "\"agoraquiz/Preview Content\"";
				DEVELOPMENT_TEAM = 6RWV382T9P;
				ENABLE_PREVIEWS = YES;
				GENERATE_INFOPLIST_FILE = YES;
				INFOPLIST_KEY_UIApplicationSceneManifest_Generation = YES;
				INFOPLIST_KEY_UIApplicationSupportsIndirectInputEvents = YES;
				INFOPLIST_KEY_UILaunchScreen_Generation = YES;
				INFOPLIST_KEY_UISupportedInterfaceOrientations_iPad = "UIInterfaceOrientationPortrait UIInterfaceOrientationPortraitUpsideDown UIInterfaceOrientationLandscapeLeft UIInterfaceOrientationLandscapeRight";
				INFOPLIST_KEY_UISupportedInterfaceOrientations_iPhone = "UIInterfaceOrientationPortrait UIInterfaceOrientationLandscapeLeft UIInterfaceOrientationLandscapeRight";
				LD_RUNPATH_SEARCH_PATHS = (
					"$(inherited)",
					"@executable_path/Frameworks",
				);
				MARKETING_VERSION = 1.0;
				PRODUCT_BUNDLE_IDENTIFIER = ibercivis.agoraquiz;
				PRODUCT_NAME = "$(TARGET_NAME)";
				SWIFT_EMIT_LOC_STRINGS = YES;
				SWIFT_VERSION = 5.0;
				TARGETED_DEVICE_FAMILY = "1,2";
			};
			name = Release;
		};
		97E9AE5A2BEA340E0057A835 /* Debug */ = {
			isa = XCBuildConfiguration;
			buildSettings = {
				ALWAYS_EMBED_SWIFT_STANDARD_LIBRARIES = YES;
				BUNDLE_LOADER = "$(TEST_HOST)";
				CODE_SIGN_STYLE = Automatic;
				CURRENT_PROJECT_VERSION = 1;
				DEVELOPMENT_TEAM = 6RWV382T9P;
				GENERATE_INFOPLIST_FILE = YES;
				IPHONEOS_DEPLOYMENT_TARGET = 17.4;
				MARKETING_VERSION = 1.0;
				PRODUCT_BUNDLE_IDENTIFIER = ibercivis.agoraquizTests;
				PRODUCT_NAME = "$(TARGET_NAME)";
				SWIFT_EMIT_LOC_STRINGS = NO;
				SWIFT_VERSION = 5.0;
				TARGETED_DEVICE_FAMILY = "1,2";
				TEST_HOST = "$(BUILT_PRODUCTS_DIR)/agoraquiz.app/$(BUNDLE_EXECUTABLE_FOLDER_PATH)/agoraquiz";
			};
			name = Debug;
		};
		97E9AE5B2BEA340E0057A835 /* Release */ = {
			isa = XCBuildConfiguration;
			buildSettings = {
				ALWAYS_EMBED_SWIFT_STANDARD_LIBRARIES = YES;
				BUNDLE_LOADER = "$(TEST_HOST)";
				CODE_SIGN_STYLE = Automatic;
				CURRENT_PROJECT_VERSION = 1;
				DEVELOPMENT_TEAM = 6RWV382T9P;
				GENERATE_INFOPLIST_FILE = YES;
				IPHONEOS_DEPLOYMENT_TARGET = 17.4;
				MARKETING_VERSION = 1.0;
				PRODUCT_BUNDLE_IDENTIFIER = ibercivis.agoraquizTests;
				PRODUCT_NAME = "$(TARGET_NAME)";
				SWIFT_EMIT_LOC_STRINGS = NO;
				SWIFT_VERSION = 5.0;
				TARGETED_DEVICE_FAMILY = "1,2";
				TEST_HOST = "$(BUILT_PRODUCTS_DIR)/agoraquiz.app/$(BUNDLE_EXECUTABLE_FOLDER_PATH)/agoraquiz";
			};
			name = Release;
		};
		97E9AE5D2BEA340E0057A835 /* Debug */ = {
			isa = XCBuildConfiguration;
			buildSettings = {
				ALWAYS_EMBED_SWIFT_STANDARD_LIBRARIES = YES;
				CODE_SIGN_STYLE = Automatic;
				CURRENT_PROJECT_VERSION = 1;
				DEVELOPMENT_TEAM = 6RWV382T9P;
				GENERATE_INFOPLIST_FILE = YES;
				MARKETING_VERSION = 1.0;
				PRODUCT_BUNDLE_IDENTIFIER = ibercivis.agoraquizUITests;
				PRODUCT_NAME = "$(TARGET_NAME)";
				SWIFT_EMIT_LOC_STRINGS = NO;
				SWIFT_VERSION = 5.0;
				TARGETED_DEVICE_FAMILY = "1,2";
				TEST_TARGET_NAME = agoraquiz;
			};
			name = Debug;
		};
		97E9AE5E2BEA340E0057A835 /* Release */ = {
			isa = XCBuildConfiguration;
			buildSettings = {
				ALWAYS_EMBED_SWIFT_STANDARD_LIBRARIES = YES;
				CODE_SIGN_STYLE = Automatic;
				CURRENT_PROJECT_VERSION = 1;
				DEVELOPMENT_TEAM = 6RWV382T9P;
				GENERATE_INFOPLIST_FILE = YES;
				MARKETING_VERSION = 1.0;
				PRODUCT_BUNDLE_IDENTIFIER = ibercivis.agoraquizUITests;
				PRODUCT_NAME = "$(TARGET_NAME)";
				SWIFT_EMIT_LOC_STRINGS = NO;
				SWIFT_VERSION = 5.0;
				TARGETED_DEVICE_FAMILY = "1,2";
				TEST_TARGET_NAME = agoraquiz;
			};
			name = Release;
		};
/* End XCBuildConfiguration section */

/* Begin XCConfigurationList section */
		97E9AE2D2BEA340C0057A835 /* Build configuration list for PBXProject "agoraquiz" */ = {
			isa = XCConfigurationList;
			buildConfigurations = (
				97E9AE542BEA340E0057A835 /* Debug */,
				97E9AE552BEA340E0057A835 /* Release */,
			);
			defaultConfigurationIsVisible = 0;
			defaultConfigurationName = Release;
		};
		97E9AE562BEA340E0057A835 /* Build configuration list for PBXNativeTarget "agoraquiz" */ = {
			isa = XCConfigurationList;
			buildConfigurations = (
				97E9AE572BEA340E0057A835 /* Debug */,
				97E9AE582BEA340E0057A835 /* Release */,
			);
			defaultConfigurationIsVisible = 0;
			defaultConfigurationName = Release;
		};
		97E9AE592BEA340E0057A835 /* Build configuration list for PBXNativeTarget "agoraquizTests" */ = {
			isa = XCConfigurationList;
			buildConfigurations = (
				97E9AE5A2BEA340E0057A835 /* Debug */,
				97E9AE5B2BEA340E0057A835 /* Release */,
			);
			defaultConfigurationIsVisible = 0;
			defaultConfigurationName = Release;
		};
		97E9AE5C2BEA340E0057A835 /* Build configuration list for PBXNativeTarget "agoraquizUITests" */ = {
			isa = XCConfigurationList;
			buildConfigurations = (
				97E9AE5D2BEA340E0057A835 /* Debug */,
				97E9AE5E2BEA340E0057A835 /* Release */,
			);
			defaultConfigurationIsVisible = 0;
			defaultConfigurationName = Release;
		};
/* End XCConfigurationList section */
	};
	rootObject = 97E9AE2A2BEA340C0057A835 /* Project object */;
}
